// !$*UTF8*$!
{
	archiveVersion = 1;
	classes = {
	};
	objectVersion = 51;
	objects = {

/* Begin PBXBuildFile section */
		0AE2CB512624E08400C178C9 /* ContentContainerViewController.swift in Sources */ = {isa = PBXBuildFile; fileRef = 0AE2CB502624E08400C178C9 /* ContentContainerViewController.swift */; };
		0AE2CB572624EEDF00C178C9 /* ProfileViewController.swift in Sources */ = {isa = PBXBuildFile; fileRef = 0AE2CB562624EEDF00C178C9 /* ProfileViewController.swift */; };
		0AE2CB5F2624EEEE00C178C9 /* ProfileViewController.xib in Resources */ = {isa = PBXBuildFile; fileRef = 0AE2CB5E2624EEEE00C178C9 /* ProfileViewController.xib */; };
		0AE2CB642624F10200C178C9 /* MenuViewModel.swift in Sources */ = {isa = PBXBuildFile; fileRef = 0AE2CB632624F10200C178C9 /* MenuViewModel.swift */; };
		0AE2CB692624F1FD00C178C9 /* LocalizedStrings.swift in Sources */ = {isa = PBXBuildFile; fileRef = 0AE2CB682624F1FD00C178C9 /* LocalizedStrings.swift */; };
		0AE2CB6E2624F72300C178C9 /* MenuItem.swift in Sources */ = {isa = PBXBuildFile; fileRef = 0AE2CB6D2624F72300C178C9 /* MenuItem.swift */; };
		0AEB3956261CF9CD0005BF38 /* AppDelegate.swift in Sources */ = {isa = PBXBuildFile; fileRef = 0AEB3955261CF9CD0005BF38 /* AppDelegate.swift */; };
		0AEB395F261CF9CE0005BF38 /* Assets.xcassets in Resources */ = {isa = PBXBuildFile; fileRef = 0AEB395E261CF9CE0005BF38 /* Assets.xcassets */; };
		0AEB3962261CF9CE0005BF38 /* LaunchScreen.storyboard in Resources */ = {isa = PBXBuildFile; fileRef = 0AEB3960261CF9CE0005BF38 /* LaunchScreen.storyboard */; };
		0AEB3978261CF9CE0005BF38 /* ti_broishUITests.swift in Sources */ = {isa = PBXBuildFile; fileRef = 0AEB3977261CF9CE0005BF38 /* ti_broishUITests.swift */; };
		0AEB3991261CFDE00005BF38 /* LoginViewController.swift in Sources */ = {isa = PBXBuildFile; fileRef = 0AEB3990261CFDE00005BF38 /* LoginViewController.swift */; };
		0AEB39A5261CFFA00005BF38 /* HomeViewController.swift in Sources */ = {isa = PBXBuildFile; fileRef = 0AEB39A4261CFFA00005BF38 /* HomeViewController.swift */; };
		0AEB39AD261CFFF80005BF38 /* LoginViewController.xib in Resources */ = {isa = PBXBuildFile; fileRef = 0AEB39AC261CFFF80005BF38 /* LoginViewController.xib */; };
		0AEB39B2261D001E0005BF38 /* HomeViewController.xib in Resources */ = {isa = PBXBuildFile; fileRef = 0AEB39B1261D001E0005BF38 /* HomeViewController.xib */; };
		0AEB39B8261D01B60005BF38 /* MenuViewController.swift in Sources */ = {isa = PBXBuildFile; fileRef = 0AEB39B7261D01B60005BF38 /* MenuViewController.swift */; };
		0AEB39BD261D025C0005BF38 /* MenuViewController.xib in Resources */ = {isa = PBXBuildFile; fileRef = 0AEB39BC261D025C0005BF38 /* MenuViewController.xib */; };
		100C03CE264ADF3900B01B0E /* TextCell.swift in Sources */ = {isa = PBXBuildFile; fileRef = 100C03CD264ADF3900B01B0E /* TextCell.swift */; };
		100C03D0264ADF4400B01B0E /* TextCell.xib in Resources */ = {isa = PBXBuildFile; fileRef = 100C03CF264ADF4400B01B0E /* TextCell.xib */; };
		1013FC882644A62D00BDAB8A /* OrganizationsRequest.swift in Sources */ = {isa = PBXBuildFile; fileRef = 1013FC872644A62D00BDAB8A /* OrganizationsRequest.swift */; };
		1013FC8A2644A84700BDAB8A /* Organization.swift in Sources */ = {isa = PBXBuildFile; fileRef = 1013FC892644A84700BDAB8A /* Organization.swift */; };
		1016B68F264C3EDA00515612 /* SearchResultsMapper.swift in Sources */ = {isa = PBXBuildFile; fileRef = 1016B68E264C3EDA00515612 /* SearchResultsMapper.swift */; };
		1016B691264C3F2000515612 /* SearchItem.swift in Sources */ = {isa = PBXBuildFile; fileRef = 1016B690264C3F2000515612 /* SearchItem.swift */; };
		1016B693264C3F3600515612 /* SearchViewModel.swift in Sources */ = {isa = PBXBuildFile; fileRef = 1016B692264C3F3600515612 /* SearchViewModel.swift */; };
		1016B695264C4C7F00515612 /* SearchCell.xib in Resources */ = {isa = PBXBuildFile; fileRef = 1016B694264C4C7F00515612 /* SearchCell.xib */; };
		101CFA6D2634CC8E00666DD8 /* UIButtonExtension.swift in Sources */ = {isa = PBXBuildFile; fileRef = 101CFA6C2634CC8E00666DD8 /* UIButtonExtension.swift */; };
		1031CE7826449CBC000214DD /* CountriesRequest.swift in Sources */ = {isa = PBXBuildFile; fileRef = 1031CE7726449CBC000214DD /* CountriesRequest.swift */; };
		103A67892649902300D93853 /* HomeCoordinator.swift in Sources */ = {isa = PBXBuildFile; fileRef = 103A67882649902300D93853 /* HomeCoordinator.swift */; };
		103A678B2649958F00D93853 /* HomeViewModel.swift in Sources */ = {isa = PBXBuildFile; fileRef = 103A678A2649958F00D93853 /* HomeViewModel.swift */; };
		1042B3C02634A1D500764ACF /* CredentialInputField.swift in Sources */ = {isa = PBXBuildFile; fileRef = 1042B3BF2634A1D500764ACF /* CredentialInputField.swift */; };
		1042B3C52634A26000764ACF /* CredentialInputField.xib in Resources */ = {isa = PBXBuildFile; fileRef = 1042B3C42634A26000764ACF /* CredentialInputField.xib */; };
		1042B3DF2634AAFD00764ACF /* Montserrat-SemiBold.ttf in Resources */ = {isa = PBXBuildFile; fileRef = 1042B3CD2634AAFD00764ACF /* Montserrat-SemiBold.ttf */; };
		1042B3E12634AAFD00764ACF /* Montserrat-Regular.ttf in Resources */ = {isa = PBXBuildFile; fileRef = 1042B3CF2634AAFD00764ACF /* Montserrat-Regular.ttf */; };
		1042B3E42634AAFD00764ACF /* Montserrat-Italic.ttf in Resources */ = {isa = PBXBuildFile; fileRef = 1042B3D22634AAFD00764ACF /* Montserrat-Italic.ttf */; };
		1042B3E52634AAFD00764ACF /* Montserrat-ExtraLight.ttf in Resources */ = {isa = PBXBuildFile; fileRef = 1042B3D32634AAFD00764ACF /* Montserrat-ExtraLight.ttf */; };
		1042B3E72634AAFD00764ACF /* Montserrat-ExtraBold.ttf in Resources */ = {isa = PBXBuildFile; fileRef = 1042B3D52634AAFD00764ACF /* Montserrat-ExtraBold.ttf */; };
		1042B3E82634AAFD00764ACF /* Montserrat-Light.ttf in Resources */ = {isa = PBXBuildFile; fileRef = 1042B3D62634AAFD00764ACF /* Montserrat-Light.ttf */; };
		1042B3E92634AAFD00764ACF /* Montserrat-Bold.ttf in Resources */ = {isa = PBXBuildFile; fileRef = 1042B3D72634AAFD00764ACF /* Montserrat-Bold.ttf */; };
		1042B3EA2634AAFD00764ACF /* Montserrat-Medium.ttf in Resources */ = {isa = PBXBuildFile; fileRef = 1042B3D82634AAFD00764ACF /* Montserrat-Medium.ttf */; };
		1042B3EB2634AAFD00764ACF /* Montserrat-Thin.ttf in Resources */ = {isa = PBXBuildFile; fileRef = 1042B3D92634AAFD00764ACF /* Montserrat-Thin.ttf */; };
		1042B3FC2634AD4E00764ACF /* UIFontExtension.swift in Sources */ = {isa = PBXBuildFile; fileRef = 1042B3FB2634AD4E00764ACF /* UIFontExtension.swift */; };
		104DAF84263A880A001B6B15 /* InputFieldType.swift in Sources */ = {isa = PBXBuildFile; fileRef = 104DAF83263A880A001B6B15 /* InputFieldType.swift */; };
		1050C42226336D0100EE2FE4 /* UITableViewExtension.swift in Sources */ = {isa = PBXBuildFile; fileRef = 1050C42126336D0100EE2FE4 /* UITableViewExtension.swift */; };
		105802A02649EA4B00A88528 /* PickerCell.swift in Sources */ = {isa = PBXBuildFile; fileRef = 1058029D2649EA4B00A88528 /* PickerCell.swift */; };
		105802A12649EA4B00A88528 /* PickerCell.xib in Resources */ = {isa = PBXBuildFile; fileRef = 1058029E2649EA4B00A88528 /* PickerCell.xib */; };
		10613F1C2642F2BD00062B33 /* ErrorHandler.swift in Sources */ = {isa = PBXBuildFile; fileRef = 10613F1B2642F2BD00062B33 /* ErrorHandler.swift */; };
		106B7EF82644187600571859 /* Validator.swift in Sources */ = {isa = PBXBuildFile; fileRef = 106B7EF72644187600571859 /* Validator.swift */; };
		106B7EFE26441E6500571859 /* LocalStorage.swift in Sources */ = {isa = PBXBuildFile; fileRef = 106B7EFD26441E6500571859 /* LocalStorage.swift */; };
		106B7F002644226400571859 /* UserDefaultsExtension.swift in Sources */ = {isa = PBXBuildFile; fileRef = 106B7EFF2644226400571859 /* UserDefaultsExtension.swift */; };
		108F202226496D8800E54F64 /* Town.swift in Sources */ = {isa = PBXBuildFile; fileRef = 108F202126496D8800E54F64 /* Town.swift */; };
		108F20242649753400E54F64 /* RequestInterceptor.swift in Sources */ = {isa = PBXBuildFile; fileRef = 108F20232649753400E54F64 /* RequestInterceptor.swift */; };
		10902800264DD4190011E4BD /* APIManagerTests.swift in Sources */ = {isa = PBXBuildFile; fileRef = 109027FF264DD4190011E4BD /* APIManagerTests.swift */; };
		10B11E0226545C0B001E6B0E /* CheckboxCell.swift in Sources */ = {isa = PBXBuildFile; fileRef = 10B11E0126545C0B001E6B0E /* CheckboxCell.swift */; };
		10B11E0426545C18001E6B0E /* CheckboxCell.xib in Resources */ = {isa = PBXBuildFile; fileRef = 10B11E0326545C18001E6B0E /* CheckboxCell.xib */; };
		10B11E0626546544001E6B0E /* UILabelExtension.swift in Sources */ = {isa = PBXBuildFile; fileRef = 10B11E0526546544001E6B0E /* UILabelExtension.swift */; };
		10B9EAC52637557E0067FAE2 /* InputField.swift in Sources */ = {isa = PBXBuildFile; fileRef = 10B9EAC42637557E0067FAE2 /* InputField.swift */; };
		10B9EADA26375BE30067FAE2 /* TextInputField.swift in Sources */ = {isa = PBXBuildFile; fileRef = 10B9EAD926375BE30067FAE2 /* TextInputField.swift */; };
		10B9EAE226375C390067FAE2 /* TextInputField.xib in Resources */ = {isa = PBXBuildFile; fileRef = 10B9EAE126375C390067FAE2 /* TextInputField.xib */; };
		10C4EA3826333AB4005FD07F /* RegistrationViewController.swift in Sources */ = {isa = PBXBuildFile; fileRef = 10C4EA3726333AB4005FD07F /* RegistrationViewController.swift */; };
		10C4EA3D26333ADC005FD07F /* RegistrationViewController.xib in Resources */ = {isa = PBXBuildFile; fileRef = 10C4EA3C26333ADC005FD07F /* RegistrationViewController.xib */; };
		10C4EA4626333BCD005FD07F /* ResetPasswordViewController.swift in Sources */ = {isa = PBXBuildFile; fileRef = 10C4EA4526333BCD005FD07F /* ResetPasswordViewController.swift */; };
		10C4EA4B26333BE8005FD07F /* ResetPasswordViewController.xib in Resources */ = {isa = PBXBuildFile; fileRef = 10C4EA4A26333BE8005FD07F /* ResetPasswordViewController.xib */; };
		10C4EA5E2633494E005FD07F /* ProtocolsTableViewController.swift in Sources */ = {isa = PBXBuildFile; fileRef = 10C4EA5D2633494E005FD07F /* ProtocolsTableViewController.swift */; };
		10C4EA6626334965005FD07F /* SendProtocolViewController.swift in Sources */ = {isa = PBXBuildFile; fileRef = 10C4EA6526334965005FD07F /* SendProtocolViewController.swift */; };
		10C4EA6B263349A5005FD07F /* SendProtocolViewController.xib in Resources */ = {isa = PBXBuildFile; fileRef = 10C4EA6A263349A5005FD07F /* SendProtocolViewController.xib */; };
		10C4EA73263349D1005FD07F /* ProtocolsTableViewController.xib in Resources */ = {isa = PBXBuildFile; fileRef = 10C4EA72263349D1005FD07F /* ProtocolsTableViewController.xib */; };
		10C4EA7926334AB9005FD07F /* SendViolationViewController.swift in Sources */ = {isa = PBXBuildFile; fileRef = 10C4EA7826334AB9005FD07F /* SendViolationViewController.swift */; };
		10C4EA8126334ACC005FD07F /* SendViolationViewController.xib in Resources */ = {isa = PBXBuildFile; fileRef = 10C4EA8026334ACC005FD07F /* SendViolationViewController.xib */; };
		10C4EA8626334AE6005FD07F /* ViolationsTableViewController.swift in Sources */ = {isa = PBXBuildFile; fileRef = 10C4EA8526334AE6005FD07F /* ViolationsTableViewController.swift */; };
		10C4EA8B26334B13005FD07F /* ViolationsTableViewController.xib in Resources */ = {isa = PBXBuildFile; fileRef = 10C4EA8A26334B13005FD07F /* ViolationsTableViewController.xib */; };
		10C4EA9026334B7C005FD07F /* ProtocolDetailsViewController.swift in Sources */ = {isa = PBXBuildFile; fileRef = 10C4EA8F26334B7C005FD07F /* ProtocolDetailsViewController.swift */; };
		10C4EA9526334B8F005FD07F /* ProtocolDetailsViewController.xib in Resources */ = {isa = PBXBuildFile; fileRef = 10C4EA9426334B8F005FD07F /* ProtocolDetailsViewController.xib */; };
		10C4EA9A26334BDF005FD07F /* ViolationDetailsViewController.swift in Sources */ = {isa = PBXBuildFile; fileRef = 10C4EA9926334BDF005FD07F /* ViolationDetailsViewController.swift */; };
		10C4EA9F26334BF4005FD07F /* ViolationDetailsViewController.xib in Resources */ = {isa = PBXBuildFile; fileRef = 10C4EA9E26334BF4005FD07F /* ViolationDetailsViewController.xib */; };
		10C4EAA526334C1E005FD07F /* TermsViewController.swift in Sources */ = {isa = PBXBuildFile; fileRef = 10C4EAA426334C1E005FD07F /* TermsViewController.swift */; };
		10C4EAAA26334C31005FD07F /* TermsViewController.xib in Resources */ = {isa = PBXBuildFile; fileRef = 10C4EAA926334C31005FD07F /* TermsViewController.xib */; };
		10C4EABD26335B02005FD07F /* UIColorExtension.swift in Sources */ = {isa = PBXBuildFile; fileRef = 10C4EABC26335B02005FD07F /* UIColorExtension.swift */; };
		10C4EAC526335B47005FD07F /* TibTheme.swift in Sources */ = {isa = PBXBuildFile; fileRef = 10C4EAC426335B47005FD07F /* TibTheme.swift */; };
		10C4EACB26335C72005FD07F /* TibNavigationBar.swift in Sources */ = {isa = PBXBuildFile; fileRef = 10C4EACA26335C72005FD07F /* TibNavigationBar.swift */; };
		10C4EAD326336242005FD07F /* MenuCell.swift in Sources */ = {isa = PBXBuildFile; fileRef = 10C4EAD226336242005FD07F /* MenuCell.swift */; };
		10C4EADD263362AD005FD07F /* TibViewControllable.swift in Sources */ = {isa = PBXBuildFile; fileRef = 10C4EADC263362AD005FD07F /* TibViewControllable.swift */; };
		10C4EAE22633637B005FD07F /* TibTableViewCell.swift in Sources */ = {isa = PBXBuildFile; fileRef = 10C4EAE12633637B005FD07F /* TibTableViewCell.swift */; };
		10C4EAEA263363CF005FD07F /* MenuCell.xib in Resources */ = {isa = PBXBuildFile; fileRef = 10C4EAE9263363CF005FD07F /* MenuCell.xib */; };
		10DC9FA8264C115A00A7C941 /* SearchViewController.swift in Sources */ = {isa = PBXBuildFile; fileRef = 10DC9FA7264C115A00A7C941 /* SearchViewController.swift */; };
		10DC9FAA264C18B700A7C941 /* SearchViewController.xib in Resources */ = {isa = PBXBuildFile; fileRef = 10DC9FA9264C18B700A7C941 /* SearchViewController.xib */; };
		10DC9FAC264C195400A7C941 /* SearchCell.swift in Sources */ = {isa = PBXBuildFile; fileRef = 10DC9FAB264C195400A7C941 /* SearchCell.swift */; };
		10E250D52655BC7D008A2121 /* InputFieldConfig.swift in Sources */ = {isa = PBXBuildFile; fileRef = 10E250D42655BC7D008A2121 /* InputFieldConfig.swift */; };
		10E622C1263A013300381A83 /* RegistrationViewModel.swift in Sources */ = {isa = PBXBuildFile; fileRef = 10E622C0263A013300381A83 /* RegistrationViewModel.swift */; };
		10EB5A9F263A099B00690F88 /* RegistrationDataBuilder.swift in Sources */ = {isa = PBXBuildFile; fileRef = 10EB5A9E263A099B00690F88 /* RegistrationDataBuilder.swift */; };
		10EB5AA1263A0F9200690F88 /* LoginViewModel.swift in Sources */ = {isa = PBXBuildFile; fileRef = 10EB5AA0263A0F9200690F88 /* LoginViewModel.swift */; };
		10EB5AA3263A1A8F00690F88 /* TibTextField.swift in Sources */ = {isa = PBXBuildFile; fileRef = 10EB5AA2263A1A8F00690F88 /* TibTextField.swift */; };
		10F78C312642E43900407284 /* FirebaseError.swift in Sources */ = {isa = PBXBuildFile; fileRef = 10F78C302642E43900407284 /* FirebaseError.swift */; };
		1ACE8FA2AB083F03E8C945EE /* Pods_ti_broish.framework in Frameworks */ = {isa = PBXBuildFile; fileRef = 294E7A3AF3E677F3CB6256C7 /* Pods_ti_broish.framework */; };
		4B3E94DB86BAB8F09FCAA825 /* Pods_ti_broishTests.framework in Frameworks */ = {isa = PBXBuildFile; fileRef = EC5E11923339F41A82DBAFDA /* Pods_ti_broishTests.framework */; };
		CF390FCE2637097400999369 /* LoginCoordinator.swift in Sources */ = {isa = PBXBuildFile; fileRef = CF390FCD2637097400999369 /* LoginCoordinator.swift */; };
		CF390FE42637326300999369 /* APIManager.swift in Sources */ = {isa = PBXBuildFile; fileRef = CF390FE32637326300999369 /* APIManager.swift */; };
		CF390FED2637329000999369 /* RequestProvider.swift in Sources */ = {isa = PBXBuildFile; fileRef = CF390FEC2637329000999369 /* RequestProvider.swift */; };
		CF390FF5263732BA00999369 /* APIError.swift in Sources */ = {isa = PBXBuildFile; fileRef = CF390FF4263732BA00999369 /* APIError.swift */; };
		CF3DB0C9264BB83B00AAB618 /* User.swift in Sources */ = {isa = PBXBuildFile; fileRef = CF3DB0C8264BB83A00AAB618 /* User.swift */; };
		CF3DB0CE264BB84100AAB618 /* UserDetails.swift in Sources */ = {isa = PBXBuildFile; fileRef = CF3DB0CD264BB84100AAB618 /* UserDetails.swift */; };
		CF3DB0D4264BB87700AAB618 /* CreateUserRequest.swift in Sources */ = {isa = PBXBuildFile; fileRef = CF3DB0D3264BB87700AAB618 /* CreateUserRequest.swift */; };
		CF61EEB726396B9E00278AA7 /* Region.swift in Sources */ = {isa = PBXBuildFile; fileRef = CF61EEB626396B9E00278AA7 /* Region.swift */; };
		CF61EEC026396BFB00278AA7 /* GetTownsRequest.swift in Sources */ = {isa = PBXBuildFile; fileRef = CF61EEBF26396BFB00278AA7 /* GetTownsRequest.swift */; };
		CF61EEC526396E1B00278AA7 /* Country.swift in Sources */ = {isa = PBXBuildFile; fileRef = CF61EEC426396E1B00278AA7 /* Country.swift */; };
		CF7AEDC22635F2DC001F3EF8 /* BaseViewConfigurator.swift in Sources */ = {isa = PBXBuildFile; fileRef = CF7AEDC12635F2DC001F3EF8 /* BaseViewConfigurator.swift */; };
		CF7AEDC72635F31A001F3EF8 /* BaseDataSource.swift in Sources */ = {isa = PBXBuildFile; fileRef = CF7AEDC62635F31A001F3EF8 /* BaseDataSource.swift */; };
		CF8729FC264BC19B00C8E849 /* GetUserDetailsRequest.swift in Sources */ = {isa = PBXBuildFile; fileRef = CF8729FB264BC19B00C8E849 /* GetUserDetailsRequest.swift */; };
		CF872A01264BC2C300C8E849 /* UpdateUserDetailsRequest.swift in Sources */ = {isa = PBXBuildFile; fileRef = CF872A00264BC2C300C8E849 /* UpdateUserDetailsRequest.swift */; };
		CF872A09264BC3D700C8E849 /* DeleteUserRequest.swift in Sources */ = {isa = PBXBuildFile; fileRef = CF872A08264BC3D700C8E849 /* DeleteUserRequest.swift */; };
		CFA574DE26374BE9002BCECD /* APIClient.swift in Sources */ = {isa = PBXBuildFile; fileRef = CFA574DD26374BE9002BCECD /* APIClient.swift */; };
		CFA574E626374C8D002BCECD /* FirebaseClient.swift in Sources */ = {isa = PBXBuildFile; fileRef = CFA574E526374C8D002BCECD /* FirebaseClient.swift */; };
		CFA575012637D925002BCECD /* GoogleService-Info.plist in Resources */ = {isa = PBXBuildFile; fileRef = CFA575002637D925002BCECD /* GoogleService-Info.plist */; };
		CFA5750F2637E2D2002BCECD /* APNSTokenRequest.swift in Sources */ = {isa = PBXBuildFile; fileRef = CFA5750E2637E2D2002BCECD /* APNSTokenRequest.swift */; };
		CFA575172637EBD0002BCECD /* BaseResponse.swift in Sources */ = {isa = PBXBuildFile; fileRef = CFA575162637EBD0002BCECD /* BaseResponse.swift */; };
		CFA575292637F583002BCECD /* SendViolationRequest.swift in Sources */ = {isa = PBXBuildFile; fileRef = CFA575282637F583002BCECD /* SendViolationRequest.swift */; };
		CFA575332637F596002BCECD /* GetViolationsRequest.swift in Sources */ = {isa = PBXBuildFile; fileRef = CFA575322637F596002BCECD /* GetViolationsRequest.swift */; };
		CFA575412637F768002BCECD /* Section.swift in Sources */ = {isa = PBXBuildFile; fileRef = CFA575402637F768002BCECD /* Section.swift */; };
		CFA575482637FA07002BCECD /* SendViolationResponse.swift in Sources */ = {isa = PBXBuildFile; fileRef = CFA575472637FA07002BCECD /* SendViolationResponse.swift */; };
		CFA5754D2637FB06002BCECD /* Violation.swift in Sources */ = {isa = PBXBuildFile; fileRef = CFA5754C2637FB06002BCECD /* Violation.swift */; };
		CFA575532637FC23002BCECD /* Photo.swift in Sources */ = {isa = PBXBuildFile; fileRef = CFA575522637FC23002BCECD /* Photo.swift */; };
		CFA575582637FC5D002BCECD /* UploadPhoto.swift in Sources */ = {isa = PBXBuildFile; fileRef = CFA575572637FC5D002BCECD /* UploadPhoto.swift */; };
		CFA5755D2637FCE2002BCECD /* PhotosState.swift in Sources */ = {isa = PBXBuildFile; fileRef = CFA5755C2637FCE2002BCECD /* PhotosState.swift */; };
		CFA5765026392661002BCECD /* SendProtocolRequest.swift in Sources */ = {isa = PBXBuildFile; fileRef = CFA5764F26392661002BCECD /* SendProtocolRequest.swift */; };
		CFA5765826392669002BCECD /* GetProtocolRequest.swift in Sources */ = {isa = PBXBuildFile; fileRef = CFA5765726392669002BCECD /* GetProtocolRequest.swift */; };
		CFA5766126392DB6002BCECD /* SendProtocolResponse.swift in Sources */ = {isa = PBXBuildFile; fileRef = CFA5766026392DB6002BCECD /* SendProtocolResponse.swift */; };
		CFA5766926393133002BCECD /* Protocol.swift in Sources */ = {isa = PBXBuildFile; fileRef = CFA5766826393133002BCECD /* Protocol.swift */; };
		CFA5766E26393D20002BCECD /* UploadPhotoRequest.swift in Sources */ = {isa = PBXBuildFile; fileRef = CFA5766D26393D20002BCECD /* UploadPhotoRequest.swift */; };
		CFA5767426393F6D002BCECD /* GetPartiesRequest.swift in Sources */ = {isa = PBXBuildFile; fileRef = CFA5767326393F6D002BCECD /* GetPartiesRequest.swift */; };
		CFA5767C26393FA3002BCECD /* Party.swift in Sources */ = {isa = PBXBuildFile; fileRef = CFA5767B26393FA3002BCECD /* Party.swift */; };
		CFA57681263943E0002BCECD /* GetSectionsRequest.swift in Sources */ = {isa = PBXBuildFile; fileRef = CFA57680263943E0002BCECD /* GetSectionsRequest.swift */; };
		CFA5768626394663002BCECD /* GetElectionRegionsRequest.swift in Sources */ = {isa = PBXBuildFile; fileRef = CFA5768526394663002BCECD /* GetElectionRegionsRequest.swift */; };
		CFA5768C263949AE002BCECD /* ElectionRegion.swift in Sources */ = {isa = PBXBuildFile; fileRef = CFA5768B263949AE002BCECD /* ElectionRegion.swift */; };
		CFA5769426394A28002BCECD /* Municipality.swift in Sources */ = {isa = PBXBuildFile; fileRef = CFA5769326394A28002BCECD /* Municipality.swift */; };
		CFB138C0263591F7001B373D /* CoordinatableViewModel.swift in Sources */ = {isa = PBXBuildFile; fileRef = CFB138BE263591F7001B373D /* CoordinatableViewModel.swift */; };
		CFB138C1263591F7001B373D /* Coordinator.swift in Sources */ = {isa = PBXBuildFile; fileRef = CFB138BF263591F7001B373D /* Coordinator.swift */; };
		CFB138C92635929C001B373D /* AppCoordinator.swift in Sources */ = {isa = PBXBuildFile; fileRef = CFB138C82635929C001B373D /* AppCoordinator.swift */; };
		CFB138CE263592EF001B373D /* BaseViewController.swift in Sources */ = {isa = PBXBuildFile; fileRef = CFB138CD263592EF001B373D /* BaseViewController.swift */; };
		CFEE4C782639706300AF88A0 /* GetCountriesRequest.swift in Sources */ = {isa = PBXBuildFile; fileRef = CFEE4C772639706300AF88A0 /* GetCountriesRequest.swift */; };
/* End PBXBuildFile section */

/* Begin PBXContainerItemProxy section */
		0AEB3969261CF9CE0005BF38 /* PBXContainerItemProxy */ = {
			isa = PBXContainerItemProxy;
			containerPortal = 0AEB394A261CF9CD0005BF38 /* Project object */;
			proxyType = 1;
			remoteGlobalIDString = 0AEB3951261CF9CD0005BF38;
			remoteInfo = "ti-broish";
		};
		0AEB3974261CF9CE0005BF38 /* PBXContainerItemProxy */ = {
			isa = PBXContainerItemProxy;
			containerPortal = 0AEB394A261CF9CD0005BF38 /* Project object */;
			proxyType = 1;
			remoteGlobalIDString = 0AEB3951261CF9CD0005BF38;
			remoteInfo = "ti-broish";
		};
/* End PBXContainerItemProxy section */

/* Begin PBXFileReference section */
		020C1C29CE22B69CA228A2EF /* Pods-ti-broish.debug.xcconfig */ = {isa = PBXFileReference; includeInIndex = 1; lastKnownFileType = text.xcconfig; name = "Pods-ti-broish.debug.xcconfig"; path = "Target Support Files/Pods-ti-broish/Pods-ti-broish.debug.xcconfig"; sourceTree = "<group>"; };
		0AE2CB502624E08400C178C9 /* ContentContainerViewController.swift */ = {isa = PBXFileReference; lastKnownFileType = sourcecode.swift; path = ContentContainerViewController.swift; sourceTree = "<group>"; };
		0AE2CB562624EEDF00C178C9 /* ProfileViewController.swift */ = {isa = PBXFileReference; lastKnownFileType = sourcecode.swift; path = ProfileViewController.swift; sourceTree = "<group>"; };
		0AE2CB5E2624EEEE00C178C9 /* ProfileViewController.xib */ = {isa = PBXFileReference; lastKnownFileType = file.xib; path = ProfileViewController.xib; sourceTree = "<group>"; };
		0AE2CB632624F10200C178C9 /* MenuViewModel.swift */ = {isa = PBXFileReference; lastKnownFileType = sourcecode.swift; path = MenuViewModel.swift; sourceTree = "<group>"; };
		0AE2CB682624F1FD00C178C9 /* LocalizedStrings.swift */ = {isa = PBXFileReference; lastKnownFileType = sourcecode.swift; path = LocalizedStrings.swift; sourceTree = "<group>"; };
		0AE2CB6D2624F72300C178C9 /* MenuItem.swift */ = {isa = PBXFileReference; lastKnownFileType = sourcecode.swift; path = MenuItem.swift; sourceTree = "<group>"; };
		0AEB3952261CF9CD0005BF38 /* ti-broish.app */ = {isa = PBXFileReference; explicitFileType = wrapper.application; includeInIndex = 0; path = "ti-broish.app"; sourceTree = BUILT_PRODUCTS_DIR; };
		0AEB3955261CF9CD0005BF38 /* AppDelegate.swift */ = {isa = PBXFileReference; lastKnownFileType = sourcecode.swift; path = AppDelegate.swift; sourceTree = "<group>"; };
		0AEB395E261CF9CE0005BF38 /* Assets.xcassets */ = {isa = PBXFileReference; lastKnownFileType = folder.assetcatalog; path = Assets.xcassets; sourceTree = "<group>"; };
		0AEB3961261CF9CE0005BF38 /* Base */ = {isa = PBXFileReference; lastKnownFileType = file.storyboard; name = Base; path = Base.lproj/LaunchScreen.storyboard; sourceTree = "<group>"; };
		0AEB3963261CF9CE0005BF38 /* Info.plist */ = {isa = PBXFileReference; lastKnownFileType = text.plist.xml; path = Info.plist; sourceTree = "<group>"; };
		0AEB3968261CF9CE0005BF38 /* ti-broishTests.xctest */ = {isa = PBXFileReference; explicitFileType = wrapper.cfbundle; includeInIndex = 0; path = "ti-broishTests.xctest"; sourceTree = BUILT_PRODUCTS_DIR; };
		0AEB396E261CF9CE0005BF38 /* Info.plist */ = {isa = PBXFileReference; lastKnownFileType = text.plist.xml; path = Info.plist; sourceTree = "<group>"; };
		0AEB3973261CF9CE0005BF38 /* ti-broishUITests.xctest */ = {isa = PBXFileReference; explicitFileType = wrapper.cfbundle; includeInIndex = 0; path = "ti-broishUITests.xctest"; sourceTree = BUILT_PRODUCTS_DIR; };
		0AEB3977261CF9CE0005BF38 /* ti_broishUITests.swift */ = {isa = PBXFileReference; lastKnownFileType = sourcecode.swift; path = ti_broishUITests.swift; sourceTree = "<group>"; };
		0AEB3979261CF9CE0005BF38 /* Info.plist */ = {isa = PBXFileReference; lastKnownFileType = text.plist.xml; path = Info.plist; sourceTree = "<group>"; };
		0AEB3990261CFDE00005BF38 /* LoginViewController.swift */ = {isa = PBXFileReference; lastKnownFileType = sourcecode.swift; path = LoginViewController.swift; sourceTree = "<group>"; };
		0AEB39A4261CFFA00005BF38 /* HomeViewController.swift */ = {isa = PBXFileReference; lastKnownFileType = sourcecode.swift; path = HomeViewController.swift; sourceTree = "<group>"; };
		0AEB39AC261CFFF80005BF38 /* LoginViewController.xib */ = {isa = PBXFileReference; lastKnownFileType = file.xib; path = LoginViewController.xib; sourceTree = "<group>"; };
		0AEB39B1261D001E0005BF38 /* HomeViewController.xib */ = {isa = PBXFileReference; lastKnownFileType = file.xib; path = HomeViewController.xib; sourceTree = "<group>"; };
		0AEB39B7261D01B60005BF38 /* MenuViewController.swift */ = {isa = PBXFileReference; lastKnownFileType = sourcecode.swift; path = MenuViewController.swift; sourceTree = "<group>"; };
		0AEB39BC261D025C0005BF38 /* MenuViewController.xib */ = {isa = PBXFileReference; lastKnownFileType = file.xib; path = MenuViewController.xib; sourceTree = "<group>"; };
		100C03CD264ADF3900B01B0E /* TextCell.swift */ = {isa = PBXFileReference; lastKnownFileType = sourcecode.swift; path = TextCell.swift; sourceTree = "<group>"; };
		100C03CF264ADF4400B01B0E /* TextCell.xib */ = {isa = PBXFileReference; lastKnownFileType = file.xib; path = TextCell.xib; sourceTree = "<group>"; };
		1013FC872644A62D00BDAB8A /* OrganizationsRequest.swift */ = {isa = PBXFileReference; lastKnownFileType = sourcecode.swift; path = OrganizationsRequest.swift; sourceTree = "<group>"; };
		1013FC892644A84700BDAB8A /* Organization.swift */ = {isa = PBXFileReference; lastKnownFileType = sourcecode.swift; path = Organization.swift; sourceTree = "<group>"; };
		1016B68E264C3EDA00515612 /* SearchResultsMapper.swift */ = {isa = PBXFileReference; lastKnownFileType = sourcecode.swift; path = SearchResultsMapper.swift; sourceTree = "<group>"; };
		1016B690264C3F2000515612 /* SearchItem.swift */ = {isa = PBXFileReference; lastKnownFileType = sourcecode.swift; path = SearchItem.swift; sourceTree = "<group>"; };
		1016B692264C3F3600515612 /* SearchViewModel.swift */ = {isa = PBXFileReference; lastKnownFileType = sourcecode.swift; path = SearchViewModel.swift; sourceTree = "<group>"; };
		1016B694264C4C7F00515612 /* SearchCell.xib */ = {isa = PBXFileReference; lastKnownFileType = file.xib; path = SearchCell.xib; sourceTree = "<group>"; };
		101CFA6C2634CC8E00666DD8 /* UIButtonExtension.swift */ = {isa = PBXFileReference; lastKnownFileType = sourcecode.swift; path = UIButtonExtension.swift; sourceTree = "<group>"; };
		1031CE7726449CBC000214DD /* CountriesRequest.swift */ = {isa = PBXFileReference; lastKnownFileType = sourcecode.swift; path = CountriesRequest.swift; sourceTree = "<group>"; };
		103A67882649902300D93853 /* HomeCoordinator.swift */ = {isa = PBXFileReference; lastKnownFileType = sourcecode.swift; path = HomeCoordinator.swift; sourceTree = "<group>"; };
		103A678A2649958F00D93853 /* HomeViewModel.swift */ = {isa = PBXFileReference; lastKnownFileType = sourcecode.swift; path = HomeViewModel.swift; sourceTree = "<group>"; };
		1042B3BF2634A1D500764ACF /* CredentialInputField.swift */ = {isa = PBXFileReference; lastKnownFileType = sourcecode.swift; path = CredentialInputField.swift; sourceTree = "<group>"; };
		1042B3C42634A26000764ACF /* CredentialInputField.xib */ = {isa = PBXFileReference; lastKnownFileType = file.xib; path = CredentialInputField.xib; sourceTree = "<group>"; };
		1042B3CD2634AAFD00764ACF /* Montserrat-SemiBold.ttf */ = {isa = PBXFileReference; lastKnownFileType = file; path = "Montserrat-SemiBold.ttf"; sourceTree = "<group>"; };
		1042B3CF2634AAFD00764ACF /* Montserrat-Regular.ttf */ = {isa = PBXFileReference; lastKnownFileType = file; path = "Montserrat-Regular.ttf"; sourceTree = "<group>"; };
		1042B3D22634AAFD00764ACF /* Montserrat-Italic.ttf */ = {isa = PBXFileReference; lastKnownFileType = file; path = "Montserrat-Italic.ttf"; sourceTree = "<group>"; };
		1042B3D32634AAFD00764ACF /* Montserrat-ExtraLight.ttf */ = {isa = PBXFileReference; lastKnownFileType = file; path = "Montserrat-ExtraLight.ttf"; sourceTree = "<group>"; };
		1042B3D52634AAFD00764ACF /* Montserrat-ExtraBold.ttf */ = {isa = PBXFileReference; lastKnownFileType = file; path = "Montserrat-ExtraBold.ttf"; sourceTree = "<group>"; };
		1042B3D62634AAFD00764ACF /* Montserrat-Light.ttf */ = {isa = PBXFileReference; lastKnownFileType = file; path = "Montserrat-Light.ttf"; sourceTree = "<group>"; };
		1042B3D72634AAFD00764ACF /* Montserrat-Bold.ttf */ = {isa = PBXFileReference; lastKnownFileType = file; path = "Montserrat-Bold.ttf"; sourceTree = "<group>"; };
		1042B3D82634AAFD00764ACF /* Montserrat-Medium.ttf */ = {isa = PBXFileReference; lastKnownFileType = file; path = "Montserrat-Medium.ttf"; sourceTree = "<group>"; };
		1042B3D92634AAFD00764ACF /* Montserrat-Thin.ttf */ = {isa = PBXFileReference; lastKnownFileType = file; path = "Montserrat-Thin.ttf"; sourceTree = "<group>"; };
		1042B3FB2634AD4E00764ACF /* UIFontExtension.swift */ = {isa = PBXFileReference; lastKnownFileType = sourcecode.swift; path = UIFontExtension.swift; sourceTree = "<group>"; };
		104DAF83263A880A001B6B15 /* InputFieldType.swift */ = {isa = PBXFileReference; lastKnownFileType = sourcecode.swift; path = InputFieldType.swift; sourceTree = "<group>"; };
		1050C42126336D0100EE2FE4 /* UITableViewExtension.swift */ = {isa = PBXFileReference; lastKnownFileType = sourcecode.swift; path = UITableViewExtension.swift; sourceTree = "<group>"; };
		1058029D2649EA4B00A88528 /* PickerCell.swift */ = {isa = PBXFileReference; fileEncoding = 4; lastKnownFileType = sourcecode.swift; path = PickerCell.swift; sourceTree = "<group>"; };
		1058029E2649EA4B00A88528 /* PickerCell.xib */ = {isa = PBXFileReference; fileEncoding = 4; lastKnownFileType = file.xib; path = PickerCell.xib; sourceTree = "<group>"; };
		10613F1B2642F2BD00062B33 /* ErrorHandler.swift */ = {isa = PBXFileReference; lastKnownFileType = sourcecode.swift; path = ErrorHandler.swift; sourceTree = "<group>"; };
		106B7EF72644187600571859 /* Validator.swift */ = {isa = PBXFileReference; lastKnownFileType = sourcecode.swift; path = Validator.swift; sourceTree = "<group>"; };
		106B7EFD26441E6500571859 /* LocalStorage.swift */ = {isa = PBXFileReference; lastKnownFileType = sourcecode.swift; path = LocalStorage.swift; sourceTree = "<group>"; };
		106B7EFF2644226400571859 /* UserDefaultsExtension.swift */ = {isa = PBXFileReference; lastKnownFileType = sourcecode.swift; path = UserDefaultsExtension.swift; sourceTree = "<group>"; };
		108F202126496D8800E54F64 /* Town.swift */ = {isa = PBXFileReference; fileEncoding = 4; lastKnownFileType = sourcecode.swift; path = Town.swift; sourceTree = "<group>"; };
		108F20232649753400E54F64 /* RequestInterceptor.swift */ = {isa = PBXFileReference; lastKnownFileType = sourcecode.swift; path = RequestInterceptor.swift; sourceTree = "<group>"; };
		109027FF264DD4190011E4BD /* APIManagerTests.swift */ = {isa = PBXFileReference; lastKnownFileType = sourcecode.swift; path = APIManagerTests.swift; sourceTree = "<group>"; };
		10B11E0126545C0B001E6B0E /* CheckboxCell.swift */ = {isa = PBXFileReference; lastKnownFileType = sourcecode.swift; path = CheckboxCell.swift; sourceTree = "<group>"; };
		10B11E0326545C18001E6B0E /* CheckboxCell.xib */ = {isa = PBXFileReference; lastKnownFileType = file.xib; path = CheckboxCell.xib; sourceTree = "<group>"; };
		10B11E0526546544001E6B0E /* UILabelExtension.swift */ = {isa = PBXFileReference; lastKnownFileType = sourcecode.swift; path = UILabelExtension.swift; sourceTree = "<group>"; };
		10B9EAC42637557E0067FAE2 /* InputField.swift */ = {isa = PBXFileReference; lastKnownFileType = sourcecode.swift; path = InputField.swift; sourceTree = "<group>"; };
		10B9EAD926375BE30067FAE2 /* TextInputField.swift */ = {isa = PBXFileReference; lastKnownFileType = sourcecode.swift; path = TextInputField.swift; sourceTree = "<group>"; };
		10B9EAE126375C390067FAE2 /* TextInputField.xib */ = {isa = PBXFileReference; lastKnownFileType = file.xib; path = TextInputField.xib; sourceTree = "<group>"; };
		10C4EA3726333AB4005FD07F /* RegistrationViewController.swift */ = {isa = PBXFileReference; lastKnownFileType = sourcecode.swift; path = RegistrationViewController.swift; sourceTree = "<group>"; };
		10C4EA3C26333ADC005FD07F /* RegistrationViewController.xib */ = {isa = PBXFileReference; lastKnownFileType = file.xib; path = RegistrationViewController.xib; sourceTree = "<group>"; };
		10C4EA4526333BCD005FD07F /* ResetPasswordViewController.swift */ = {isa = PBXFileReference; lastKnownFileType = sourcecode.swift; path = ResetPasswordViewController.swift; sourceTree = "<group>"; };
		10C4EA4A26333BE8005FD07F /* ResetPasswordViewController.xib */ = {isa = PBXFileReference; lastKnownFileType = file.xib; path = ResetPasswordViewController.xib; sourceTree = "<group>"; };
		10C4EA5D2633494E005FD07F /* ProtocolsTableViewController.swift */ = {isa = PBXFileReference; lastKnownFileType = sourcecode.swift; path = ProtocolsTableViewController.swift; sourceTree = "<group>"; };
		10C4EA6526334965005FD07F /* SendProtocolViewController.swift */ = {isa = PBXFileReference; lastKnownFileType = sourcecode.swift; path = SendProtocolViewController.swift; sourceTree = "<group>"; };
		10C4EA6A263349A5005FD07F /* SendProtocolViewController.xib */ = {isa = PBXFileReference; lastKnownFileType = file.xib; path = SendProtocolViewController.xib; sourceTree = "<group>"; };
		10C4EA72263349D1005FD07F /* ProtocolsTableViewController.xib */ = {isa = PBXFileReference; lastKnownFileType = file.xib; path = ProtocolsTableViewController.xib; sourceTree = "<group>"; };
		10C4EA7826334AB9005FD07F /* SendViolationViewController.swift */ = {isa = PBXFileReference; lastKnownFileType = sourcecode.swift; path = SendViolationViewController.swift; sourceTree = "<group>"; };
		10C4EA8026334ACC005FD07F /* SendViolationViewController.xib */ = {isa = PBXFileReference; lastKnownFileType = file.xib; path = SendViolationViewController.xib; sourceTree = "<group>"; };
		10C4EA8526334AE6005FD07F /* ViolationsTableViewController.swift */ = {isa = PBXFileReference; lastKnownFileType = sourcecode.swift; path = ViolationsTableViewController.swift; sourceTree = "<group>"; };
		10C4EA8A26334B13005FD07F /* ViolationsTableViewController.xib */ = {isa = PBXFileReference; lastKnownFileType = file.xib; path = ViolationsTableViewController.xib; sourceTree = "<group>"; };
		10C4EA8F26334B7C005FD07F /* ProtocolDetailsViewController.swift */ = {isa = PBXFileReference; lastKnownFileType = sourcecode.swift; path = ProtocolDetailsViewController.swift; sourceTree = "<group>"; };
		10C4EA9426334B8F005FD07F /* ProtocolDetailsViewController.xib */ = {isa = PBXFileReference; lastKnownFileType = file.xib; path = ProtocolDetailsViewController.xib; sourceTree = "<group>"; };
		10C4EA9926334BDF005FD07F /* ViolationDetailsViewController.swift */ = {isa = PBXFileReference; lastKnownFileType = sourcecode.swift; path = ViolationDetailsViewController.swift; sourceTree = "<group>"; };
		10C4EA9E26334BF4005FD07F /* ViolationDetailsViewController.xib */ = {isa = PBXFileReference; lastKnownFileType = file.xib; path = ViolationDetailsViewController.xib; sourceTree = "<group>"; };
		10C4EAA426334C1E005FD07F /* TermsViewController.swift */ = {isa = PBXFileReference; lastKnownFileType = sourcecode.swift; path = TermsViewController.swift; sourceTree = "<group>"; };
		10C4EAA926334C31005FD07F /* TermsViewController.xib */ = {isa = PBXFileReference; lastKnownFileType = file.xib; path = TermsViewController.xib; sourceTree = "<group>"; };
		10C4EABC26335B02005FD07F /* UIColorExtension.swift */ = {isa = PBXFileReference; lastKnownFileType = sourcecode.swift; path = UIColorExtension.swift; sourceTree = "<group>"; };
		10C4EAC426335B47005FD07F /* TibTheme.swift */ = {isa = PBXFileReference; lastKnownFileType = sourcecode.swift; path = TibTheme.swift; sourceTree = "<group>"; };
		10C4EACA26335C72005FD07F /* TibNavigationBar.swift */ = {isa = PBXFileReference; lastKnownFileType = sourcecode.swift; path = TibNavigationBar.swift; sourceTree = "<group>"; };
		10C4EAD226336242005FD07F /* MenuCell.swift */ = {isa = PBXFileReference; lastKnownFileType = sourcecode.swift; path = MenuCell.swift; sourceTree = "<group>"; };
		10C4EADC263362AD005FD07F /* TibViewControllable.swift */ = {isa = PBXFileReference; lastKnownFileType = sourcecode.swift; path = TibViewControllable.swift; sourceTree = "<group>"; };
		10C4EAE12633637B005FD07F /* TibTableViewCell.swift */ = {isa = PBXFileReference; lastKnownFileType = sourcecode.swift; path = TibTableViewCell.swift; sourceTree = "<group>"; };
		10C4EAE9263363CF005FD07F /* MenuCell.xib */ = {isa = PBXFileReference; lastKnownFileType = file.xib; path = MenuCell.xib; sourceTree = "<group>"; };
		10DC9FA7264C115A00A7C941 /* SearchViewController.swift */ = {isa = PBXFileReference; lastKnownFileType = sourcecode.swift; path = SearchViewController.swift; sourceTree = "<group>"; };
		10DC9FA9264C18B700A7C941 /* SearchViewController.xib */ = {isa = PBXFileReference; lastKnownFileType = file.xib; path = SearchViewController.xib; sourceTree = "<group>"; };
		10DC9FAB264C195400A7C941 /* SearchCell.swift */ = {isa = PBXFileReference; lastKnownFileType = sourcecode.swift; path = SearchCell.swift; sourceTree = "<group>"; };
		10E250D42655BC7D008A2121 /* InputFieldConfig.swift */ = {isa = PBXFileReference; lastKnownFileType = sourcecode.swift; path = InputFieldConfig.swift; sourceTree = "<group>"; };
		10E622C0263A013300381A83 /* RegistrationViewModel.swift */ = {isa = PBXFileReference; lastKnownFileType = sourcecode.swift; path = RegistrationViewModel.swift; sourceTree = "<group>"; };
		10EB5A9E263A099B00690F88 /* RegistrationDataBuilder.swift */ = {isa = PBXFileReference; lastKnownFileType = sourcecode.swift; path = RegistrationDataBuilder.swift; sourceTree = "<group>"; };
		10EB5AA0263A0F9200690F88 /* LoginViewModel.swift */ = {isa = PBXFileReference; lastKnownFileType = sourcecode.swift; path = LoginViewModel.swift; sourceTree = "<group>"; };
		10EB5AA2263A1A8F00690F88 /* TibTextField.swift */ = {isa = PBXFileReference; lastKnownFileType = sourcecode.swift; path = TibTextField.swift; sourceTree = "<group>"; };
		10F78C302642E43900407284 /* FirebaseError.swift */ = {isa = PBXFileReference; lastKnownFileType = sourcecode.swift; path = FirebaseError.swift; sourceTree = "<group>"; };
		294E7A3AF3E677F3CB6256C7 /* Pods_ti_broish.framework */ = {isa = PBXFileReference; explicitFileType = wrapper.framework; includeInIndex = 0; path = Pods_ti_broish.framework; sourceTree = BUILT_PRODUCTS_DIR; };
		62F232B0EEE1D3C055C445B0 /* Pods-ti-broish.release.xcconfig */ = {isa = PBXFileReference; includeInIndex = 1; lastKnownFileType = text.xcconfig; name = "Pods-ti-broish.release.xcconfig"; path = "Target Support Files/Pods-ti-broish/Pods-ti-broish.release.xcconfig"; sourceTree = "<group>"; };
		72DD2A9AE668ED3D132966EC /* Pods-ti-broishTests.release.xcconfig */ = {isa = PBXFileReference; includeInIndex = 1; lastKnownFileType = text.xcconfig; name = "Pods-ti-broishTests.release.xcconfig"; path = "Target Support Files/Pods-ti-broishTests/Pods-ti-broishTests.release.xcconfig"; sourceTree = "<group>"; };
		7AB94ADBE1D2283DBDF8E6A7 /* Pods-ti-broishTests.debug.xcconfig */ = {isa = PBXFileReference; includeInIndex = 1; lastKnownFileType = text.xcconfig; name = "Pods-ti-broishTests.debug.xcconfig"; path = "Target Support Files/Pods-ti-broishTests/Pods-ti-broishTests.debug.xcconfig"; sourceTree = "<group>"; };
		CF390FCD2637097400999369 /* LoginCoordinator.swift */ = {isa = PBXFileReference; lastKnownFileType = sourcecode.swift; path = LoginCoordinator.swift; sourceTree = "<group>"; };
		CF390FE32637326300999369 /* APIManager.swift */ = {isa = PBXFileReference; lastKnownFileType = sourcecode.swift; path = APIManager.swift; sourceTree = "<group>"; };
		CF390FEC2637329000999369 /* RequestProvider.swift */ = {isa = PBXFileReference; lastKnownFileType = sourcecode.swift; path = RequestProvider.swift; sourceTree = "<group>"; };
		CF390FF4263732BA00999369 /* APIError.swift */ = {isa = PBXFileReference; lastKnownFileType = sourcecode.swift; path = APIError.swift; sourceTree = "<group>"; };
		CF3DB0C8264BB83A00AAB618 /* User.swift */ = {isa = PBXFileReference; lastKnownFileType = sourcecode.swift; path = User.swift; sourceTree = "<group>"; };
		CF3DB0CD264BB84100AAB618 /* UserDetails.swift */ = {isa = PBXFileReference; lastKnownFileType = sourcecode.swift; path = UserDetails.swift; sourceTree = "<group>"; };
		CF3DB0D3264BB87700AAB618 /* CreateUserRequest.swift */ = {isa = PBXFileReference; lastKnownFileType = sourcecode.swift; path = CreateUserRequest.swift; sourceTree = "<group>"; };
		CF61EEB626396B9E00278AA7 /* Region.swift */ = {isa = PBXFileReference; lastKnownFileType = sourcecode.swift; path = Region.swift; sourceTree = "<group>"; };
		CF61EEBF26396BFB00278AA7 /* GetTownsRequest.swift */ = {isa = PBXFileReference; lastKnownFileType = sourcecode.swift; path = GetTownsRequest.swift; sourceTree = "<group>"; };
		CF61EEC426396E1B00278AA7 /* Country.swift */ = {isa = PBXFileReference; lastKnownFileType = sourcecode.swift; path = Country.swift; sourceTree = "<group>"; };
		CF7AEDC12635F2DC001F3EF8 /* BaseViewConfigurator.swift */ = {isa = PBXFileReference; lastKnownFileType = sourcecode.swift; path = BaseViewConfigurator.swift; sourceTree = "<group>"; };
		CF7AEDC62635F31A001F3EF8 /* BaseDataSource.swift */ = {isa = PBXFileReference; lastKnownFileType = sourcecode.swift; path = BaseDataSource.swift; sourceTree = "<group>"; };
		CF8729FB264BC19B00C8E849 /* GetUserDetailsRequest.swift */ = {isa = PBXFileReference; lastKnownFileType = sourcecode.swift; path = GetUserDetailsRequest.swift; sourceTree = "<group>"; };
		CF872A00264BC2C300C8E849 /* UpdateUserDetailsRequest.swift */ = {isa = PBXFileReference; lastKnownFileType = sourcecode.swift; path = UpdateUserDetailsRequest.swift; sourceTree = "<group>"; };
		CF872A08264BC3D700C8E849 /* DeleteUserRequest.swift */ = {isa = PBXFileReference; lastKnownFileType = sourcecode.swift; path = DeleteUserRequest.swift; sourceTree = "<group>"; };
		CFA574DD26374BE9002BCECD /* APIClient.swift */ = {isa = PBXFileReference; lastKnownFileType = sourcecode.swift; path = APIClient.swift; sourceTree = "<group>"; };
		CFA574E526374C8D002BCECD /* FirebaseClient.swift */ = {isa = PBXFileReference; lastKnownFileType = sourcecode.swift; path = FirebaseClient.swift; sourceTree = "<group>"; };
		CFA575002637D925002BCECD /* GoogleService-Info.plist */ = {isa = PBXFileReference; fileEncoding = 4; lastKnownFileType = text.plist.xml; path = "GoogleService-Info.plist"; sourceTree = "<group>"; };
		CFA5750E2637E2D2002BCECD /* APNSTokenRequest.swift */ = {isa = PBXFileReference; lastKnownFileType = sourcecode.swift; path = APNSTokenRequest.swift; sourceTree = "<group>"; };
		CFA575162637EBD0002BCECD /* BaseResponse.swift */ = {isa = PBXFileReference; lastKnownFileType = sourcecode.swift; path = BaseResponse.swift; sourceTree = "<group>"; };
		CFA575282637F583002BCECD /* SendViolationRequest.swift */ = {isa = PBXFileReference; lastKnownFileType = sourcecode.swift; path = SendViolationRequest.swift; sourceTree = "<group>"; };
		CFA575322637F596002BCECD /* GetViolationsRequest.swift */ = {isa = PBXFileReference; lastKnownFileType = sourcecode.swift; path = GetViolationsRequest.swift; sourceTree = "<group>"; };
		CFA575402637F768002BCECD /* Section.swift */ = {isa = PBXFileReference; lastKnownFileType = sourcecode.swift; path = Section.swift; sourceTree = "<group>"; };
		CFA575472637FA07002BCECD /* SendViolationResponse.swift */ = {isa = PBXFileReference; lastKnownFileType = sourcecode.swift; path = SendViolationResponse.swift; sourceTree = "<group>"; };
		CFA5754C2637FB06002BCECD /* Violation.swift */ = {isa = PBXFileReference; lastKnownFileType = sourcecode.swift; path = Violation.swift; sourceTree = "<group>"; };
		CFA575522637FC23002BCECD /* Photo.swift */ = {isa = PBXFileReference; lastKnownFileType = sourcecode.swift; path = Photo.swift; sourceTree = "<group>"; };
		CFA575572637FC5D002BCECD /* UploadPhoto.swift */ = {isa = PBXFileReference; lastKnownFileType = sourcecode.swift; path = UploadPhoto.swift; sourceTree = "<group>"; };
		CFA5755C2637FCE2002BCECD /* PhotosState.swift */ = {isa = PBXFileReference; lastKnownFileType = sourcecode.swift; path = PhotosState.swift; sourceTree = "<group>"; };
		CFA5764F26392661002BCECD /* SendProtocolRequest.swift */ = {isa = PBXFileReference; lastKnownFileType = sourcecode.swift; path = SendProtocolRequest.swift; sourceTree = "<group>"; };
		CFA5765726392669002BCECD /* GetProtocolRequest.swift */ = {isa = PBXFileReference; lastKnownFileType = sourcecode.swift; path = GetProtocolRequest.swift; sourceTree = "<group>"; };
		CFA5766026392DB6002BCECD /* SendProtocolResponse.swift */ = {isa = PBXFileReference; lastKnownFileType = sourcecode.swift; path = SendProtocolResponse.swift; sourceTree = "<group>"; };
		CFA5766826393133002BCECD /* Protocol.swift */ = {isa = PBXFileReference; lastKnownFileType = sourcecode.swift; path = Protocol.swift; sourceTree = "<group>"; };
		CFA5766D26393D20002BCECD /* UploadPhotoRequest.swift */ = {isa = PBXFileReference; lastKnownFileType = sourcecode.swift; path = UploadPhotoRequest.swift; sourceTree = "<group>"; };
		CFA5767326393F6D002BCECD /* GetPartiesRequest.swift */ = {isa = PBXFileReference; lastKnownFileType = sourcecode.swift; path = GetPartiesRequest.swift; sourceTree = "<group>"; };
		CFA5767B26393FA3002BCECD /* Party.swift */ = {isa = PBXFileReference; lastKnownFileType = sourcecode.swift; path = Party.swift; sourceTree = "<group>"; };
		CFA57680263943E0002BCECD /* GetSectionsRequest.swift */ = {isa = PBXFileReference; lastKnownFileType = sourcecode.swift; path = GetSectionsRequest.swift; sourceTree = "<group>"; };
		CFA5768526394663002BCECD /* GetElectionRegionsRequest.swift */ = {isa = PBXFileReference; lastKnownFileType = sourcecode.swift; path = GetElectionRegionsRequest.swift; sourceTree = "<group>"; };
		CFA5768B263949AE002BCECD /* ElectionRegion.swift */ = {isa = PBXFileReference; lastKnownFileType = sourcecode.swift; path = ElectionRegion.swift; sourceTree = "<group>"; };
		CFA5769326394A28002BCECD /* Municipality.swift */ = {isa = PBXFileReference; lastKnownFileType = sourcecode.swift; path = Municipality.swift; sourceTree = "<group>"; };
		CFB138BE263591F7001B373D /* CoordinatableViewModel.swift */ = {isa = PBXFileReference; fileEncoding = 4; lastKnownFileType = sourcecode.swift; path = CoordinatableViewModel.swift; sourceTree = "<group>"; };
		CFB138BF263591F7001B373D /* Coordinator.swift */ = {isa = PBXFileReference; fileEncoding = 4; lastKnownFileType = sourcecode.swift; path = Coordinator.swift; sourceTree = "<group>"; };
		CFB138C82635929C001B373D /* AppCoordinator.swift */ = {isa = PBXFileReference; fileEncoding = 4; lastKnownFileType = sourcecode.swift; path = AppCoordinator.swift; sourceTree = "<group>"; };
		CFB138CD263592EF001B373D /* BaseViewController.swift */ = {isa = PBXFileReference; lastKnownFileType = sourcecode.swift; path = BaseViewController.swift; sourceTree = "<group>"; };
		CFEE4C772639706300AF88A0 /* GetCountriesRequest.swift */ = {isa = PBXFileReference; lastKnownFileType = sourcecode.swift; path = GetCountriesRequest.swift; sourceTree = "<group>"; };
		EC5E11923339F41A82DBAFDA /* Pods_ti_broishTests.framework */ = {isa = PBXFileReference; explicitFileType = wrapper.framework; includeInIndex = 0; path = Pods_ti_broishTests.framework; sourceTree = BUILT_PRODUCTS_DIR; };
/* End PBXFileReference section */

/* Begin PBXFrameworksBuildPhase section */
		0AEB394F261CF9CD0005BF38 /* Frameworks */ = {
			isa = PBXFrameworksBuildPhase;
			buildActionMask = 2147483647;
			files = (
				1ACE8FA2AB083F03E8C945EE /* Pods_ti_broish.framework in Frameworks */,
			);
			runOnlyForDeploymentPostprocessing = 0;
		};
		0AEB3965261CF9CE0005BF38 /* Frameworks */ = {
			isa = PBXFrameworksBuildPhase;
			buildActionMask = 2147483647;
			files = (
				4B3E94DB86BAB8F09FCAA825 /* Pods_ti_broishTests.framework in Frameworks */,
			);
			runOnlyForDeploymentPostprocessing = 0;
		};
		0AEB3970261CF9CE0005BF38 /* Frameworks */ = {
			isa = PBXFrameworksBuildPhase;
			buildActionMask = 2147483647;
			files = (
			);
			runOnlyForDeploymentPostprocessing = 0;
		};
/* End PBXFrameworksBuildPhase section */

/* Begin PBXGroup section */
		0AE2CB552624EECC00C178C9 /* Profile */ = {
			isa = PBXGroup;
			children = (
				0AE2CB562624EEDF00C178C9 /* ProfileViewController.swift */,
				0AE2CB5E2624EEEE00C178C9 /* ProfileViewController.xib */,
			);
			path = Profile;
			sourceTree = "<group>";
		};
		0AEB3949261CF9CD0005BF38 = {
			isa = PBXGroup;
			children = (
				0AEB3954261CF9CD0005BF38 /* ti-broish */,
				0AEB396B261CF9CE0005BF38 /* ti-broishTests */,
				0AEB3976261CF9CE0005BF38 /* ti-broishUITests */,
				0AEB3953261CF9CD0005BF38 /* Products */,
				D96A7764BAB8AE55257EC3EA /* Pods */,
				72398C928CFBD61E1A67B50F /* Frameworks */,
			);
			sourceTree = "<group>";
		};
		0AEB3953261CF9CD0005BF38 /* Products */ = {
			isa = PBXGroup;
			children = (
				0AEB3952261CF9CD0005BF38 /* ti-broish.app */,
				0AEB3968261CF9CE0005BF38 /* ti-broishTests.xctest */,
				0AEB3973261CF9CE0005BF38 /* ti-broishUITests.xctest */,
			);
			name = Products;
			sourceTree = "<group>";
		};
		0AEB3954261CF9CD0005BF38 /* ti-broish */ = {
			isa = PBXGroup;
			children = (
				0AEB398E261CFD800005BF38 /* Screens */,
				CFB138B726359162001B373D /* Architecture */,
				CF390FDE2637323700999369 /* Communication */,
				10C4EAC926335C53005FD07F /* CustomControls */,
				10C4EABB26335AE2005FD07F /* Extensions */,
				CFDDA634263595F8008E99F8 /* Utils */,
				1042B3C92634AACC00764ACF /* Resources */,
				0AEB3955261CF9CD0005BF38 /* AppDelegate.swift */,
				0AEB395E261CF9CE0005BF38 /* Assets.xcassets */,
				0AEB3960261CF9CE0005BF38 /* LaunchScreen.storyboard */,
				CFA575002637D925002BCECD /* GoogleService-Info.plist */,
				0AEB3963261CF9CE0005BF38 /* Info.plist */,
			);
			path = "ti-broish";
			sourceTree = "<group>";
		};
		0AEB396B261CF9CE0005BF38 /* ti-broishTests */ = {
			isa = PBXGroup;
			children = (
				0AEB396E261CF9CE0005BF38 /* Info.plist */,
				109027FF264DD4190011E4BD /* APIManagerTests.swift */,
			);
			path = "ti-broishTests";
			sourceTree = "<group>";
		};
		0AEB3976261CF9CE0005BF38 /* ti-broishUITests */ = {
			isa = PBXGroup;
			children = (
				0AEB3977261CF9CE0005BF38 /* ti_broishUITests.swift */,
				0AEB3979261CF9CE0005BF38 /* Info.plist */,
			);
			path = "ti-broishUITests";
			sourceTree = "<group>";
		};
		0AEB398E261CFD800005BF38 /* Screens */ = {
			isa = PBXGroup;
			children = (
				0AE2CB552624EECC00C178C9 /* Profile */,
				0AEB39B6261D01A10005BF38 /* Menu */,
				0AEB39A3261CFF8C0005BF38 /* Home */,
				0AEB398F261CFDC60005BF38 /* Login */,
				10C4EA3626333A9E005FD07F /* Registration */,
				10C4EA4426333BB4005FD07F /* ResetPassword */,
				10C4EA4F26333F72005FD07F /* Protocols */,
				10C4EA7726334AA2005FD07F /* Violations */,
				10C4EAA326334C0A005FD07F /* Terms */,
				0AE2CB502624E08400C178C9 /* ContentContainerViewController.swift */,
			);
			path = Screens;
			sourceTree = "<group>";
		};
		0AEB398F261CFDC60005BF38 /* Login */ = {
			isa = PBXGroup;
			children = (
				0AEB3990261CFDE00005BF38 /* LoginViewController.swift */,
				0AEB39AC261CFFF80005BF38 /* LoginViewController.xib */,
				CF390FCD2637097400999369 /* LoginCoordinator.swift */,
				10EB5AA0263A0F9200690F88 /* LoginViewModel.swift */,
			);
			path = Login;
			sourceTree = "<group>";
		};
		0AEB39A3261CFF8C0005BF38 /* Home */ = {
			isa = PBXGroup;
			children = (
				0AEB39A4261CFFA00005BF38 /* HomeViewController.swift */,
				0AEB39B1261D001E0005BF38 /* HomeViewController.xib */,
				103A67882649902300D93853 /* HomeCoordinator.swift */,
				103A678A2649958F00D93853 /* HomeViewModel.swift */,
			);
			path = Home;
			sourceTree = "<group>";
		};
		0AEB39B6261D01A10005BF38 /* Menu */ = {
			isa = PBXGroup;
			children = (
				0AEB39B7261D01B60005BF38 /* MenuViewController.swift */,
				0AEB39BC261D025C0005BF38 /* MenuViewController.xib */,
				0AE2CB632624F10200C178C9 /* MenuViewModel.swift */,
				0AE2CB6D2624F72300C178C9 /* MenuItem.swift */,
				10C4EAD226336242005FD07F /* MenuCell.swift */,
				10C4EAE9263363CF005FD07F /* MenuCell.xib */,
			);
			path = Menu;
			sourceTree = "<group>";
		};
		1016B68B264C3E8E00515612 /* Search */ = {
			isa = PBXGroup;
			children = (
				1016B690264C3F2000515612 /* SearchItem.swift */,
				1016B68E264C3EDA00515612 /* SearchResultsMapper.swift */,
				1016B692264C3F3600515612 /* SearchViewModel.swift */,
				10DC9FA7264C115A00A7C941 /* SearchViewController.swift */,
				10DC9FA9264C18B700A7C941 /* SearchViewController.xib */,
				10DC9FAB264C195400A7C941 /* SearchCell.swift */,
				1016B694264C4C7F00515612 /* SearchCell.xib */,
			);
			path = Search;
			sourceTree = "<group>";
		};
		1016B68C264C3EA400515612 /* InputFields */ = {
			isa = PBXGroup;
			children = (
				10B9EAC42637557E0067FAE2 /* InputField.swift */,
				104DAF83263A880A001B6B15 /* InputFieldType.swift */,
				10E250D42655BC7D008A2121 /* InputFieldConfig.swift */,
				1042B3BF2634A1D500764ACF /* CredentialInputField.swift */,
				1042B3C42634A26000764ACF /* CredentialInputField.xib */,
				10B9EAD926375BE30067FAE2 /* TextInputField.swift */,
				10B9EAE126375C390067FAE2 /* TextInputField.xib */,
			);
			path = InputFields;
			sourceTree = "<group>";
		};
		1016B68D264C3EC000515612 /* Cells */ = {
			isa = PBXGroup;
			children = (
				1058029D2649EA4B00A88528 /* PickerCell.swift */,
				1058029E2649EA4B00A88528 /* PickerCell.xib */,
				100C03CD264ADF3900B01B0E /* TextCell.swift */,
				100C03CF264ADF4400B01B0E /* TextCell.xib */,
				10B11E0126545C0B001E6B0E /* CheckboxCell.swift */,
				10B11E0326545C18001E6B0E /* CheckboxCell.xib */,
			);
			path = Cells;
			sourceTree = "<group>";
		};
		1042B3C92634AACC00764ACF /* Resources */ = {
			isa = PBXGroup;
			children = (
				1042B3CA2634AAE300764ACF /* fonts */,
			);
			path = Resources;
			sourceTree = "<group>";
		};
		1042B3CA2634AAE300764ACF /* fonts */ = {
			isa = PBXGroup;
			children = (
				1042B3D72634AAFD00764ACF /* Montserrat-Bold.ttf */,
				1042B3D52634AAFD00764ACF /* Montserrat-ExtraBold.ttf */,
				1042B3D32634AAFD00764ACF /* Montserrat-ExtraLight.ttf */,
				1042B3D22634AAFD00764ACF /* Montserrat-Italic.ttf */,
				1042B3D62634AAFD00764ACF /* Montserrat-Light.ttf */,
				1042B3D82634AAFD00764ACF /* Montserrat-Medium.ttf */,
				1042B3CF2634AAFD00764ACF /* Montserrat-Regular.ttf */,
				1042B3CD2634AAFD00764ACF /* Montserrat-SemiBold.ttf */,
				1042B3D92634AAFD00764ACF /* Montserrat-Thin.ttf */,
			);
			path = fonts;
			sourceTree = "<group>";
		};
		10C4EA3626333A9E005FD07F /* Registration */ = {
			isa = PBXGroup;
			children = (
				10E622C0263A013300381A83 /* RegistrationViewModel.swift */,
				10C4EA3726333AB4005FD07F /* RegistrationViewController.swift */,
				10C4EA3C26333ADC005FD07F /* RegistrationViewController.xib */,
				10EB5A9E263A099B00690F88 /* RegistrationDataBuilder.swift */,
			);
			path = Registration;
			sourceTree = "<group>";
		};
		10C4EA4426333BB4005FD07F /* ResetPassword */ = {
			isa = PBXGroup;
			children = (
				10C4EA4526333BCD005FD07F /* ResetPasswordViewController.swift */,
				10C4EA4A26333BE8005FD07F /* ResetPasswordViewController.xib */,
			);
			path = ResetPassword;
			sourceTree = "<group>";
		};
		10C4EA4F26333F72005FD07F /* Protocols */ = {
			isa = PBXGroup;
			children = (
				10C4EA6526334965005FD07F /* SendProtocolViewController.swift */,
				10C4EA6A263349A5005FD07F /* SendProtocolViewController.xib */,
				10C4EA5D2633494E005FD07F /* ProtocolsTableViewController.swift */,
				10C4EA72263349D1005FD07F /* ProtocolsTableViewController.xib */,
				10C4EA8F26334B7C005FD07F /* ProtocolDetailsViewController.swift */,
				10C4EA9426334B8F005FD07F /* ProtocolDetailsViewController.xib */,
			);
			path = Protocols;
			sourceTree = "<group>";
		};
		10C4EA7726334AA2005FD07F /* Violations */ = {
			isa = PBXGroup;
			children = (
				10C4EA7826334AB9005FD07F /* SendViolationViewController.swift */,
				10C4EA8026334ACC005FD07F /* SendViolationViewController.xib */,
				10C4EA8526334AE6005FD07F /* ViolationsTableViewController.swift */,
				10C4EA8A26334B13005FD07F /* ViolationsTableViewController.xib */,
				10C4EA9926334BDF005FD07F /* ViolationDetailsViewController.swift */,
				10C4EA9E26334BF4005FD07F /* ViolationDetailsViewController.xib */,
			);
			path = Violations;
			sourceTree = "<group>";
		};
		10C4EAA326334C0A005FD07F /* Terms */ = {
			isa = PBXGroup;
			children = (
				10C4EAA426334C1E005FD07F /* TermsViewController.swift */,
				10C4EAA926334C31005FD07F /* TermsViewController.xib */,
			);
			path = Terms;
			sourceTree = "<group>";
		};
		10C4EABB26335AE2005FD07F /* Extensions */ = {
			isa = PBXGroup;
			children = (
				CFB138D5263593AF001B373D /* UI */,
				106B7EFF2644226400571859 /* UserDefaultsExtension.swift */,
			);
			path = Extensions;
			sourceTree = "<group>";
		};
		10C4EAC926335C53005FD07F /* CustomControls */ = {
			isa = PBXGroup;
			children = (
				1016B68D264C3EC000515612 /* Cells */,
				1016B68C264C3EA400515612 /* InputFields */,
				1016B68B264C3E8E00515612 /* Search */,
				10C4EACA26335C72005FD07F /* TibNavigationBar.swift */,
				10C4EAE12633637B005FD07F /* TibTableViewCell.swift */,
				10EB5AA2263A1A8F00690F88 /* TibTextField.swift */,
			);
			path = CustomControls;
			sourceTree = "<group>";
		};
		72398C928CFBD61E1A67B50F /* Frameworks */ = {
			isa = PBXGroup;
			children = (
				294E7A3AF3E677F3CB6256C7 /* Pods_ti_broish.framework */,
				EC5E11923339F41A82DBAFDA /* Pods_ti_broishTests.framework */,
			);
			name = Frameworks;
			sourceTree = "<group>";
		};
		CF390FDE2637323700999369 /* Communication */ = {
			isa = PBXGroup;
			children = (
				CF390FE22637325C00999369 /* Managers */,
				CF390FEB2637327D00999369 /* Requests */,
				CFA575742638068B002BCECD /* Errors */,
				CFA575372637F6CD002BCECD /* Models */,
				CFA575162637EBD0002BCECD /* BaseResponse.swift */,
			);
			path = Communication;
			sourceTree = "<group>";
		};
		CF390FE22637325C00999369 /* Managers */ = {
			isa = PBXGroup;
			children = (
				CF390FE32637326300999369 /* APIManager.swift */,
				CFA574DD26374BE9002BCECD /* APIClient.swift */,
				CFA574E526374C8D002BCECD /* FirebaseClient.swift */,
				108F20232649753400E54F64 /* RequestInterceptor.swift */,
			);
			path = Managers;
			sourceTree = "<group>";
		};
		CF390FEB2637327D00999369 /* Requests */ = {
			isa = PBXGroup;
			children = (
				CF3DB0D2264BB86F00AAB618 /* User */,
				CF61EEC926396EF600278AA7 /* Location */,
				CFA5764E26392653002BCECD /* Protocols */,
				CFA5751B2637F2EC002BCECD /* Violations */,
				CF390FEC2637329000999369 /* RequestProvider.swift */,
				CFA5750E2637E2D2002BCECD /* APNSTokenRequest.swift */,
				1031CE7726449CBC000214DD /* CountriesRequest.swift */,
				1013FC872644A62D00BDAB8A /* OrganizationsRequest.swift */,
				CFA5766D26393D20002BCECD /* UploadPhotoRequest.swift */,
				CFA5767326393F6D002BCECD /* GetPartiesRequest.swift */,
				CFA57680263943E0002BCECD /* GetSectionsRequest.swift */,
			);
			path = Requests;
			sourceTree = "<group>";
		};
		CF3DB0C7264BB81F00AAB618 /* User */ = {
			isa = PBXGroup;
			children = (
				CF3DB0C8264BB83A00AAB618 /* User.swift */,
				CF3DB0CD264BB84100AAB618 /* UserDetails.swift */,
			);
			path = User;
			sourceTree = "<group>";
		};
		CF3DB0D2264BB86F00AAB618 /* User */ = {
			isa = PBXGroup;
			children = (
				CF3DB0D3264BB87700AAB618 /* CreateUserRequest.swift */,
				CF8729FB264BC19B00C8E849 /* GetUserDetailsRequest.swift */,
				CF872A00264BC2C300C8E849 /* UpdateUserDetailsRequest.swift */,
				CF872A08264BC3D700C8E849 /* DeleteUserRequest.swift */,
			);
			path = User;
			sourceTree = "<group>";
		};
		CF61EEC926396EF600278AA7 /* Location */ = {
			isa = PBXGroup;
			children = (
				CFA5768526394663002BCECD /* GetElectionRegionsRequest.swift */,
				CF61EEBF26396BFB00278AA7 /* GetTownsRequest.swift */,
				CFEE4C772639706300AF88A0 /* GetCountriesRequest.swift */,
			);
			path = Location;
			sourceTree = "<group>";
		};
		CF7AEDC02635F293001F3EF8 /* Configurator */ = {
			isa = PBXGroup;
			children = (
				CF7AEDC12635F2DC001F3EF8 /* BaseViewConfigurator.swift */,
				CF7AEDC62635F31A001F3EF8 /* BaseDataSource.swift */,
			);
			path = Configurator;
			sourceTree = "<group>";
		};
		CFA5751B2637F2EC002BCECD /* Violations */ = {
			isa = PBXGroup;
			children = (
				CFA575282637F583002BCECD /* SendViolationRequest.swift */,
				CFA575322637F596002BCECD /* GetViolationsRequest.swift */,
			);
			path = Violations;
			sourceTree = "<group>";
		};
		CFA575372637F6CD002BCECD /* Models */ = {
			isa = PBXGroup;
			children = (
				CF3DB0C7264BB81F00AAB618 /* User */,
				CFA5768A263949A2002BCECD /* Location */,
				CFA5765F26392DA6002BCECD /* Protocols */,
				CFA575462637F9FE002BCECD /* Violations */,
				CFA575512637FC1D002BCECD /* Photos */,
				CFA575402637F768002BCECD /* Section.swift */,
				CFA5767B26393FA3002BCECD /* Party.swift */,
				1013FC892644A84700BDAB8A /* Organization.swift */,
			);
			path = Models;
			sourceTree = "<group>";
		};
		CFA575462637F9FE002BCECD /* Violations */ = {
			isa = PBXGroup;
			children = (
				CFA575472637FA07002BCECD /* SendViolationResponse.swift */,
				CFA5754C2637FB06002BCECD /* Violation.swift */,
			);
			path = Violations;
			sourceTree = "<group>";
		};
		CFA575512637FC1D002BCECD /* Photos */ = {
			isa = PBXGroup;
			children = (
				CFA575522637FC23002BCECD /* Photo.swift */,
				CFA575572637FC5D002BCECD /* UploadPhoto.swift */,
				CFA5755C2637FCE2002BCECD /* PhotosState.swift */,
			);
			path = Photos;
			sourceTree = "<group>";
		};
		CFA575742638068B002BCECD /* Errors */ = {
			isa = PBXGroup;
			children = (
				CF390FF4263732BA00999369 /* APIError.swift */,
				10F78C302642E43900407284 /* FirebaseError.swift */,
				10613F1B2642F2BD00062B33 /* ErrorHandler.swift */,
			);
			path = Errors;
			sourceTree = "<group>";
		};
		CFA5764E26392653002BCECD /* Protocols */ = {
			isa = PBXGroup;
			children = (
				CFA5764F26392661002BCECD /* SendProtocolRequest.swift */,
				CFA5765726392669002BCECD /* GetProtocolRequest.swift */,
			);
			path = Protocols;
			sourceTree = "<group>";
		};
		CFA5765F26392DA6002BCECD /* Protocols */ = {
			isa = PBXGroup;
			children = (
				CFA5766026392DB6002BCECD /* SendProtocolResponse.swift */,
				CFA5766826393133002BCECD /* Protocol.swift */,
			);
			path = Protocols;
			sourceTree = "<group>";
		};
		CFA5768A263949A2002BCECD /* Location */ = {
			isa = PBXGroup;
			children = (
				108F202126496D8800E54F64 /* Town.swift */,
				CF61EEB626396B9E00278AA7 /* Region.swift */,
				CFA5769326394A28002BCECD /* Municipality.swift */,
				CFA5768B263949AE002BCECD /* ElectionRegion.swift */,
				CF61EEC426396E1B00278AA7 /* Country.swift */,
			);
			path = Location;
			sourceTree = "<group>";
		};
		CFB138B726359162001B373D /* Architecture */ = {
			isa = PBXGroup;
			children = (
				CFB138B82635917D001B373D /* BaseClasses */,
				CFB138C82635929C001B373D /* AppCoordinator.swift */,
				10C4EADC263362AD005FD07F /* TibViewControllable.swift */,
			);
			path = Architecture;
			sourceTree = "<group>";
		};
		CFB138B82635917D001B373D /* BaseClasses */ = {
			isa = PBXGroup;
			children = (
				CF7AEDC02635F293001F3EF8 /* Configurator */,
				CFB138B926359185001B373D /* Controllers */,
				CFB138BA2635918E001B373D /* Coordinator */,
			);
			path = BaseClasses;
			sourceTree = "<group>";
		};
		CFB138B926359185001B373D /* Controllers */ = {
			isa = PBXGroup;
			children = (
				CFB138CD263592EF001B373D /* BaseViewController.swift */,
			);
			path = Controllers;
			sourceTree = "<group>";
		};
		CFB138BA2635918E001B373D /* Coordinator */ = {
			isa = PBXGroup;
			children = (
				CFB138BE263591F7001B373D /* CoordinatableViewModel.swift */,
				CFB138BF263591F7001B373D /* Coordinator.swift */,
			);
			path = Coordinator;
			sourceTree = "<group>";
		};
		CFB138D5263593AF001B373D /* UI */ = {
			isa = PBXGroup;
			children = (
				10C4EABC26335B02005FD07F /* UIColorExtension.swift */,
				1050C42126336D0100EE2FE4 /* UITableViewExtension.swift */,
				1042B3FB2634AD4E00764ACF /* UIFontExtension.swift */,
				101CFA6C2634CC8E00666DD8 /* UIButtonExtension.swift */,
				10B11E0526546544001E6B0E /* UILabelExtension.swift */,
			);
			path = UI;
			sourceTree = "<group>";
		};
		CFDDA634263595F8008E99F8 /* Utils */ = {
			isa = PBXGroup;
			children = (
				0AE2CB682624F1FD00C178C9 /* LocalizedStrings.swift */,
				10C4EAC426335B47005FD07F /* TibTheme.swift */,
				106B7EF72644187600571859 /* Validator.swift */,
				106B7EFD26441E6500571859 /* LocalStorage.swift */,
			);
			path = Utils;
			sourceTree = "<group>";
		};
		D96A7764BAB8AE55257EC3EA /* Pods */ = {
			isa = PBXGroup;
			children = (
				020C1C29CE22B69CA228A2EF /* Pods-ti-broish.debug.xcconfig */,
				62F232B0EEE1D3C055C445B0 /* Pods-ti-broish.release.xcconfig */,
				7AB94ADBE1D2283DBDF8E6A7 /* Pods-ti-broishTests.debug.xcconfig */,
				72DD2A9AE668ED3D132966EC /* Pods-ti-broishTests.release.xcconfig */,
			);
			path = Pods;
			sourceTree = "<group>";
		};
/* End PBXGroup section */

/* Begin PBXNativeTarget section */
		0AEB3951261CF9CD0005BF38 /* ti-broish */ = {
			isa = PBXNativeTarget;
			buildConfigurationList = 0AEB397C261CF9CE0005BF38 /* Build configuration list for PBXNativeTarget "ti-broish" */;
			buildPhases = (
				9664B9F97D6B1D006C4B38C9 /* [CP] Check Pods Manifest.lock */,
				0AEB394E261CF9CD0005BF38 /* Sources */,
				0AEB394F261CF9CD0005BF38 /* Frameworks */,
				0AEB3950261CF9CD0005BF38 /* Resources */,
				1C45DEDD43C5F5B24BCA1300 /* [CP] Embed Pods Frameworks */,
			);
			buildRules = (
			);
			dependencies = (
			);
			name = "ti-broish";
			productName = "ti-broish";
			productReference = 0AEB3952261CF9CD0005BF38 /* ti-broish.app */;
			productType = "com.apple.product-type.application";
		};
		0AEB3967261CF9CE0005BF38 /* ti-broishTests */ = {
			isa = PBXNativeTarget;
			buildConfigurationList = 0AEB397F261CF9CE0005BF38 /* Build configuration list for PBXNativeTarget "ti-broishTests" */;
			buildPhases = (
				F2915F2F185FCB16375CD1B3 /* [CP] Check Pods Manifest.lock */,
				0AEB3964261CF9CE0005BF38 /* Sources */,
				0AEB3965261CF9CE0005BF38 /* Frameworks */,
				0AEB3966261CF9CE0005BF38 /* Resources */,
				336E61DB3BF9588FF47F36DE /* [CP] Embed Pods Frameworks */,
			);
			buildRules = (
			);
			dependencies = (
				0AEB396A261CF9CE0005BF38 /* PBXTargetDependency */,
			);
			name = "ti-broishTests";
			productName = "ti-broishTests";
			productReference = 0AEB3968261CF9CE0005BF38 /* ti-broishTests.xctest */;
			productType = "com.apple.product-type.bundle.unit-test";
		};
		0AEB3972261CF9CE0005BF38 /* ti-broishUITests */ = {
			isa = PBXNativeTarget;
			buildConfigurationList = 0AEB3982261CF9CE0005BF38 /* Build configuration list for PBXNativeTarget "ti-broishUITests" */;
			buildPhases = (
				0AEB396F261CF9CE0005BF38 /* Sources */,
				0AEB3970261CF9CE0005BF38 /* Frameworks */,
				0AEB3971261CF9CE0005BF38 /* Resources */,
			);
			buildRules = (
			);
			dependencies = (
				0AEB3975261CF9CE0005BF38 /* PBXTargetDependency */,
			);
			name = "ti-broishUITests";
			productName = "ti-broishUITests";
			productReference = 0AEB3973261CF9CE0005BF38 /* ti-broishUITests.xctest */;
			productType = "com.apple.product-type.bundle.ui-testing";
		};
/* End PBXNativeTarget section */

/* Begin PBXProject section */
		0AEB394A261CF9CD0005BF38 /* Project object */ = {
			isa = PBXProject;
			attributes = {
				LastSwiftUpdateCheck = 1240;
				LastUpgradeCheck = 1240;
				TargetAttributes = {
					0AEB3951261CF9CD0005BF38 = {
						CreatedOnToolsVersion = 12.4;
					};
					0AEB3967261CF9CE0005BF38 = {
						CreatedOnToolsVersion = 12.4;
						LastSwiftMigration = 1250;
						TestTargetID = 0AEB3951261CF9CD0005BF38;
					};
					0AEB3972261CF9CE0005BF38 = {
						CreatedOnToolsVersion = 12.4;
						TestTargetID = 0AEB3951261CF9CD0005BF38;
					};
				};
			};
			buildConfigurationList = 0AEB394D261CF9CD0005BF38 /* Build configuration list for PBXProject "ti-broish" */;
			compatibilityVersion = "Xcode 9.3";
			developmentRegion = en;
			hasScannedForEncodings = 0;
			knownRegions = (
				en,
				Base,
			);
			mainGroup = 0AEB3949261CF9CD0005BF38;
			productRefGroup = 0AEB3953261CF9CD0005BF38 /* Products */;
			projectDirPath = "";
			projectRoot = "";
			targets = (
				0AEB3951261CF9CD0005BF38 /* ti-broish */,
				0AEB3967261CF9CE0005BF38 /* ti-broishTests */,
				0AEB3972261CF9CE0005BF38 /* ti-broishUITests */,
			);
		};
/* End PBXProject section */

/* Begin PBXResourcesBuildPhase section */
		0AEB3950261CF9CD0005BF38 /* Resources */ = {
			isa = PBXResourcesBuildPhase;
			buildActionMask = 2147483647;
			files = (
				0AE2CB5F2624EEEE00C178C9 /* ProfileViewController.xib in Resources */,
				10B11E0426545C18001E6B0E /* CheckboxCell.xib in Resources */,
				0AEB3962261CF9CE0005BF38 /* LaunchScreen.storyboard in Resources */,
				1042B3E82634AAFD00764ACF /* Montserrat-Light.ttf in Resources */,
				10C4EAEA263363CF005FD07F /* MenuCell.xib in Resources */,
				1042B3EA2634AAFD00764ACF /* Montserrat-Medium.ttf in Resources */,
				10C4EA6B263349A5005FD07F /* SendProtocolViewController.xib in Resources */,
				1042B3E72634AAFD00764ACF /* Montserrat-ExtraBold.ttf in Resources */,
				10C4EA8B26334B13005FD07F /* ViolationsTableViewController.xib in Resources */,
				10C4EAAA26334C31005FD07F /* TermsViewController.xib in Resources */,
				105802A12649EA4B00A88528 /* PickerCell.xib in Resources */,
				0AEB395F261CF9CE0005BF38 /* Assets.xcassets in Resources */,
				10B9EAE226375C390067FAE2 /* TextInputField.xib in Resources */,
				100C03D0264ADF4400B01B0E /* TextCell.xib in Resources */,
				0AEB39BD261D025C0005BF38 /* MenuViewController.xib in Resources */,
				CFA575012637D925002BCECD /* GoogleService-Info.plist in Resources */,
				1042B3C52634A26000764ACF /* CredentialInputField.xib in Resources */,
				10C4EA9526334B8F005FD07F /* ProtocolDetailsViewController.xib in Resources */,
				10C4EA9F26334BF4005FD07F /* ViolationDetailsViewController.xib in Resources */,
				1042B3E12634AAFD00764ACF /* Montserrat-Regular.ttf in Resources */,
				0AEB39AD261CFFF80005BF38 /* LoginViewController.xib in Resources */,
				1042B3E42634AAFD00764ACF /* Montserrat-Italic.ttf in Resources */,
				1016B695264C4C7F00515612 /* SearchCell.xib in Resources */,
				10C4EA73263349D1005FD07F /* ProtocolsTableViewController.xib in Resources */,
				1042B3E92634AAFD00764ACF /* Montserrat-Bold.ttf in Resources */,
				1042B3DF2634AAFD00764ACF /* Montserrat-SemiBold.ttf in Resources */,
				10C4EA4B26333BE8005FD07F /* ResetPasswordViewController.xib in Resources */,
				10C4EA3D26333ADC005FD07F /* RegistrationViewController.xib in Resources */,
				1042B3E52634AAFD00764ACF /* Montserrat-ExtraLight.ttf in Resources */,
				0AEB39B2261D001E0005BF38 /* HomeViewController.xib in Resources */,
				10C4EA8126334ACC005FD07F /* SendViolationViewController.xib in Resources */,
				1042B3EB2634AAFD00764ACF /* Montserrat-Thin.ttf in Resources */,
				10DC9FAA264C18B700A7C941 /* SearchViewController.xib in Resources */,
			);
			runOnlyForDeploymentPostprocessing = 0;
		};
		0AEB3966261CF9CE0005BF38 /* Resources */ = {
			isa = PBXResourcesBuildPhase;
			buildActionMask = 2147483647;
			files = (
			);
			runOnlyForDeploymentPostprocessing = 0;
		};
		0AEB3971261CF9CE0005BF38 /* Resources */ = {
			isa = PBXResourcesBuildPhase;
			buildActionMask = 2147483647;
			files = (
			);
			runOnlyForDeploymentPostprocessing = 0;
		};
/* End PBXResourcesBuildPhase section */

/* Begin PBXShellScriptBuildPhase section */
		1C45DEDD43C5F5B24BCA1300 /* [CP] Embed Pods Frameworks */ = {
			isa = PBXShellScriptBuildPhase;
			buildActionMask = 2147483647;
			files = (
			);
			inputFileListPaths = (
				"${PODS_ROOT}/Target Support Files/Pods-ti-broish/Pods-ti-broish-frameworks-${CONFIGURATION}-input-files.xcfilelist",
			);
			name = "[CP] Embed Pods Frameworks";
			outputFileListPaths = (
				"${PODS_ROOT}/Target Support Files/Pods-ti-broish/Pods-ti-broish-frameworks-${CONFIGURATION}-output-files.xcfilelist",
			);
			runOnlyForDeploymentPostprocessing = 0;
			shellPath = /bin/sh;
			shellScript = "\"${PODS_ROOT}/Target Support Files/Pods-ti-broish/Pods-ti-broish-frameworks.sh\"\n";
			showEnvVarsInLog = 0;
		};
		336E61DB3BF9588FF47F36DE /* [CP] Embed Pods Frameworks */ = {
			isa = PBXShellScriptBuildPhase;
			buildActionMask = 2147483647;
			files = (
			);
			inputFileListPaths = (
				"${PODS_ROOT}/Target Support Files/Pods-ti-broishTests/Pods-ti-broishTests-frameworks-${CONFIGURATION}-input-files.xcfilelist",
			);
			name = "[CP] Embed Pods Frameworks";
			outputFileListPaths = (
				"${PODS_ROOT}/Target Support Files/Pods-ti-broishTests/Pods-ti-broishTests-frameworks-${CONFIGURATION}-output-files.xcfilelist",
			);
			runOnlyForDeploymentPostprocessing = 0;
			shellPath = /bin/sh;
			shellScript = "\"${PODS_ROOT}/Target Support Files/Pods-ti-broishTests/Pods-ti-broishTests-frameworks.sh\"\n";
			showEnvVarsInLog = 0;
		};
		9664B9F97D6B1D006C4B38C9 /* [CP] Check Pods Manifest.lock */ = {
			isa = PBXShellScriptBuildPhase;
			buildActionMask = 2147483647;
			files = (
			);
			inputFileListPaths = (
			);
			inputPaths = (
				"${PODS_PODFILE_DIR_PATH}/Podfile.lock",
				"${PODS_ROOT}/Manifest.lock",
			);
			name = "[CP] Check Pods Manifest.lock";
			outputFileListPaths = (
			);
			outputPaths = (
				"$(DERIVED_FILE_DIR)/Pods-ti-broish-checkManifestLockResult.txt",
			);
			runOnlyForDeploymentPostprocessing = 0;
			shellPath = /bin/sh;
			shellScript = "diff \"${PODS_PODFILE_DIR_PATH}/Podfile.lock\" \"${PODS_ROOT}/Manifest.lock\" > /dev/null\nif [ $? != 0 ] ; then\n    # print error to STDERR\n    echo \"error: The sandbox is not in sync with the Podfile.lock. Run 'pod install' or update your CocoaPods installation.\" >&2\n    exit 1\nfi\n# This output is used by Xcode 'outputs' to avoid re-running this script phase.\necho \"SUCCESS\" > \"${SCRIPT_OUTPUT_FILE_0}\"\n";
			showEnvVarsInLog = 0;
		};
		F2915F2F185FCB16375CD1B3 /* [CP] Check Pods Manifest.lock */ = {
			isa = PBXShellScriptBuildPhase;
			buildActionMask = 2147483647;
			files = (
			);
			inputFileListPaths = (
			);
			inputPaths = (
				"${PODS_PODFILE_DIR_PATH}/Podfile.lock",
				"${PODS_ROOT}/Manifest.lock",
			);
			name = "[CP] Check Pods Manifest.lock";
			outputFileListPaths = (
			);
			outputPaths = (
				"$(DERIVED_FILE_DIR)/Pods-ti-broishTests-checkManifestLockResult.txt",
			);
			runOnlyForDeploymentPostprocessing = 0;
			shellPath = /bin/sh;
			shellScript = "diff \"${PODS_PODFILE_DIR_PATH}/Podfile.lock\" \"${PODS_ROOT}/Manifest.lock\" > /dev/null\nif [ $? != 0 ] ; then\n    # print error to STDERR\n    echo \"error: The sandbox is not in sync with the Podfile.lock. Run 'pod install' or update your CocoaPods installation.\" >&2\n    exit 1\nfi\n# This output is used by Xcode 'outputs' to avoid re-running this script phase.\necho \"SUCCESS\" > \"${SCRIPT_OUTPUT_FILE_0}\"\n";
			showEnvVarsInLog = 0;
		};
/* End PBXShellScriptBuildPhase section */

/* Begin PBXSourcesBuildPhase section */
		0AEB394E261CF9CD0005BF38 /* Sources */ = {
			isa = PBXSourcesBuildPhase;
			buildActionMask = 2147483647;
			files = (
				CFB138C92635929C001B373D /* AppCoordinator.swift in Sources */,
				10C4EAA526334C1E005FD07F /* TermsViewController.swift in Sources */,
				0AEB39A5261CFFA00005BF38 /* HomeViewController.swift in Sources */,
				103A678B2649958F00D93853 /* HomeViewModel.swift in Sources */,
				0AEB39B8261D01B60005BF38 /* MenuViewController.swift in Sources */,
				CF872A09264BC3D700C8E849 /* DeleteUserRequest.swift in Sources */,
				10C4EAE22633637B005FD07F /* TibTableViewCell.swift in Sources */,
				104DAF84263A880A001B6B15 /* InputFieldType.swift in Sources */,
				10DC9FA8264C115A00A7C941 /* SearchViewController.swift in Sources */,
				10C4EAC526335B47005FD07F /* TibTheme.swift in Sources */,
				CF3DB0C9264BB83B00AAB618 /* User.swift in Sources */,
				CF390FCE2637097400999369 /* LoginCoordinator.swift in Sources */,
				CFA574E626374C8D002BCECD /* FirebaseClient.swift in Sources */,
				CFA5767426393F6D002BCECD /* GetPartiesRequest.swift in Sources */,
				10C4EA8626334AE6005FD07F /* ViolationsTableViewController.swift in Sources */,
				CFB138CE263592EF001B373D /* BaseViewController.swift in Sources */,
				10E250D52655BC7D008A2121 /* InputFieldConfig.swift in Sources */,
				CFA5765826392669002BCECD /* GetProtocolRequest.swift in Sources */,
				CFA575412637F768002BCECD /* Section.swift in Sources */,
				CFA5769426394A28002BCECD /* Municipality.swift in Sources */,
				CF3DB0CE264BB84100AAB618 /* UserDetails.swift in Sources */,
				10C4EA9A26334BDF005FD07F /* ViolationDetailsViewController.swift in Sources */,
				0AE2CB512624E08400C178C9 /* ContentContainerViewController.swift in Sources */,
				10613F1C2642F2BD00062B33 /* ErrorHandler.swift in Sources */,
				CFA575292637F583002BCECD /* SendViolationRequest.swift in Sources */,
				10C4EA7926334AB9005FD07F /* SendViolationViewController.swift in Sources */,
				CF61EEB726396B9E00278AA7 /* Region.swift in Sources */,
				10C4EA3826333AB4005FD07F /* RegistrationViewController.swift in Sources */,
				CF61EEC026396BFB00278AA7 /* GetTownsRequest.swift in Sources */,
				CFA5767C26393FA3002BCECD /* Party.swift in Sources */,
				CFA575332637F596002BCECD /* GetViolationsRequest.swift in Sources */,
				1013FC882644A62D00BDAB8A /* OrganizationsRequest.swift in Sources */,
				CFA5754D2637FB06002BCECD /* Violation.swift in Sources */,
				1016B68F264C3EDA00515612 /* SearchResultsMapper.swift in Sources */,
				10C4EABD26335B02005FD07F /* UIColorExtension.swift in Sources */,
				0AE2CB642624F10200C178C9 /* MenuViewModel.swift in Sources */,
				1016B693264C3F3600515612 /* SearchViewModel.swift in Sources */,
				CFA575482637FA07002BCECD /* SendViolationResponse.swift in Sources */,
				CFA5765026392661002BCECD /* SendProtocolRequest.swift in Sources */,
				10B9EADA26375BE30067FAE2 /* TextInputField.swift in Sources */,
				10EB5A9F263A099B00690F88 /* RegistrationDataBuilder.swift in Sources */,
				0AE2CB692624F1FD00C178C9 /* LocalizedStrings.swift in Sources */,
				10C4EADD263362AD005FD07F /* TibViewControllable.swift in Sources */,
				1042B3FC2634AD4E00764ACF /* UIFontExtension.swift in Sources */,
				103A67892649902300D93853 /* HomeCoordinator.swift in Sources */,
				CFB138C1263591F7001B373D /* Coordinator.swift in Sources */,
				0AEB3991261CFDE00005BF38 /* LoginViewController.swift in Sources */,
				1013FC8A2644A84700BDAB8A /* Organization.swift in Sources */,
				CF8729FC264BC19B00C8E849 /* GetUserDetailsRequest.swift in Sources */,
				106B7EFE26441E6500571859 /* LocalStorage.swift in Sources */,
				0AEB3956261CF9CD0005BF38 /* AppDelegate.swift in Sources */,
				10E622C1263A013300381A83 /* RegistrationViewModel.swift in Sources */,
				108F20242649753400E54F64 /* RequestInterceptor.swift in Sources */,
				101CFA6D2634CC8E00666DD8 /* UIButtonExtension.swift in Sources */,
				10C4EA9026334B7C005FD07F /* ProtocolDetailsViewController.swift in Sources */,
				108F202226496D8800E54F64 /* Town.swift in Sources */,
				CFA575582637FC5D002BCECD /* UploadPhoto.swift in Sources */,
				10EB5AA3263A1A8F00690F88 /* TibTextField.swift in Sources */,
				106B7F002644226400571859 /* UserDefaultsExtension.swift in Sources */,
				CFEE4C782639706300AF88A0 /* GetCountriesRequest.swift in Sources */,
				CF7AEDC72635F31A001F3EF8 /* BaseDataSource.swift in Sources */,
				100C03CE264ADF3900B01B0E /* TextCell.swift in Sources */,
				10F78C312642E43900407284 /* FirebaseError.swift in Sources */,
				10DC9FAC264C195400A7C941 /* SearchCell.swift in Sources */,
				CFA5750F2637E2D2002BCECD /* APNSTokenRequest.swift in Sources */,
				CFA5766126392DB6002BCECD /* SendProtocolResponse.swift in Sources */,
				CFA5768626394663002BCECD /* GetElectionRegionsRequest.swift in Sources */,
				10C4EA5E2633494E005FD07F /* ProtocolsTableViewController.swift in Sources */,
				1042B3C02634A1D500764ACF /* CredentialInputField.swift in Sources */,
				CF61EEC526396E1B00278AA7 /* Country.swift in Sources */,
				CFA575532637FC23002BCECD /* Photo.swift in Sources */,
				CFA5768C263949AE002BCECD /* ElectionRegion.swift in Sources */,
				CFA5766926393133002BCECD /* Protocol.swift in Sources */,
				0AE2CB6E2624F72300C178C9 /* MenuItem.swift in Sources */,
				1031CE7826449CBC000214DD /* CountriesRequest.swift in Sources */,
				10EB5AA1263A0F9200690F88 /* LoginViewModel.swift in Sources */,
				CF3DB0D4264BB87700AAB618 /* CreateUserRequest.swift in Sources */,
				CF390FF5263732BA00999369 /* APIError.swift in Sources */,
				CF7AEDC22635F2DC001F3EF8 /* BaseViewConfigurator.swift in Sources */,
				CF390FE42637326300999369 /* APIManager.swift in Sources */,
				10B11E0226545C0B001E6B0E /* CheckboxCell.swift in Sources */,
				CF390FED2637329000999369 /* RequestProvider.swift in Sources */,
				105802A02649EA4B00A88528 /* PickerCell.swift in Sources */,
				10C4EA4626333BCD005FD07F /* ResetPasswordViewController.swift in Sources */,
				CFB138C0263591F7001B373D /* CoordinatableViewModel.swift in Sources */,
				10B9EAC52637557E0067FAE2 /* InputField.swift in Sources */,
				10C4EACB26335C72005FD07F /* TibNavigationBar.swift in Sources */,
				CFA57681263943E0002BCECD /* GetSectionsRequest.swift in Sources */,
				0AE2CB572624EEDF00C178C9 /* ProfileViewController.swift in Sources */,
				CF872A01264BC2C300C8E849 /* UpdateUserDetailsRequest.swift in Sources */,
				CFA5755D2637FCE2002BCECD /* PhotosState.swift in Sources */,
				CFA574DE26374BE9002BCECD /* APIClient.swift in Sources */,
				10B11E0626546544001E6B0E /* UILabelExtension.swift in Sources */,
				CFA5766E26393D20002BCECD /* UploadPhotoRequest.swift in Sources */,
				1050C42226336D0100EE2FE4 /* UITableViewExtension.swift in Sources */,
				CFA575172637EBD0002BCECD /* BaseResponse.swift in Sources */,
				106B7EF82644187600571859 /* Validator.swift in Sources */,
				1016B691264C3F2000515612 /* SearchItem.swift in Sources */,
				10C4EAD326336242005FD07F /* MenuCell.swift in Sources */,
				10C4EA6626334965005FD07F /* SendProtocolViewController.swift in Sources */,
			);
			runOnlyForDeploymentPostprocessing = 0;
		};
		0AEB3964261CF9CE0005BF38 /* Sources */ = {
			isa = PBXSourcesBuildPhase;
			buildActionMask = 2147483647;
			files = (
				10902800264DD4190011E4BD /* APIManagerTests.swift in Sources */,
			);
			runOnlyForDeploymentPostprocessing = 0;
		};
		0AEB396F261CF9CE0005BF38 /* Sources */ = {
			isa = PBXSourcesBuildPhase;
			buildActionMask = 2147483647;
			files = (
				0AEB3978261CF9CE0005BF38 /* ti_broishUITests.swift in Sources */,
			);
			runOnlyForDeploymentPostprocessing = 0;
		};
/* End PBXSourcesBuildPhase section */

/* Begin PBXTargetDependency section */
		0AEB396A261CF9CE0005BF38 /* PBXTargetDependency */ = {
			isa = PBXTargetDependency;
			target = 0AEB3951261CF9CD0005BF38 /* ti-broish */;
			targetProxy = 0AEB3969261CF9CE0005BF38 /* PBXContainerItemProxy */;
		};
		0AEB3975261CF9CE0005BF38 /* PBXTargetDependency */ = {
			isa = PBXTargetDependency;
			target = 0AEB3951261CF9CD0005BF38 /* ti-broish */;
			targetProxy = 0AEB3974261CF9CE0005BF38 /* PBXContainerItemProxy */;
		};
/* End PBXTargetDependency section */

/* Begin PBXVariantGroup section */
		0AEB3960261CF9CE0005BF38 /* LaunchScreen.storyboard */ = {
			isa = PBXVariantGroup;
			children = (
				0AEB3961261CF9CE0005BF38 /* Base */,
			);
			name = LaunchScreen.storyboard;
			sourceTree = "<group>";
		};
/* End PBXVariantGroup section */

/* Begin XCBuildConfiguration section */
		0AEB397A261CF9CE0005BF38 /* Debug */ = {
			isa = XCBuildConfiguration;
			buildSettings = {
				ALWAYS_SEARCH_USER_PATHS = NO;
				CLANG_ANALYZER_NONNULL = YES;
				CLANG_ANALYZER_NUMBER_OBJECT_CONVERSION = YES_AGGRESSIVE;
				CLANG_CXX_LANGUAGE_STANDARD = "gnu++14";
				CLANG_CXX_LIBRARY = "libc++";
				CLANG_ENABLE_MODULES = YES;
				CLANG_ENABLE_OBJC_ARC = YES;
				CLANG_ENABLE_OBJC_WEAK = YES;
				CLANG_WARN_BLOCK_CAPTURE_AUTORELEASING = YES;
				CLANG_WARN_BOOL_CONVERSION = YES;
				CLANG_WARN_COMMA = YES;
				CLANG_WARN_CONSTANT_CONVERSION = YES;
				CLANG_WARN_DEPRECATED_OBJC_IMPLEMENTATIONS = YES;
				CLANG_WARN_DIRECT_OBJC_ISA_USAGE = YES_ERROR;
				CLANG_WARN_DOCUMENTATION_COMMENTS = YES;
				CLANG_WARN_EMPTY_BODY = YES;
				CLANG_WARN_ENUM_CONVERSION = YES;
				CLANG_WARN_INFINITE_RECURSION = YES;
				CLANG_WARN_INT_CONVERSION = YES;
				CLANG_WARN_NON_LITERAL_NULL_CONVERSION = YES;
				CLANG_WARN_OBJC_IMPLICIT_RETAIN_SELF = YES;
				CLANG_WARN_OBJC_LITERAL_CONVERSION = YES;
				CLANG_WARN_OBJC_ROOT_CLASS = YES_ERROR;
				CLANG_WARN_QUOTED_INCLUDE_IN_FRAMEWORK_HEADER = YES;
				CLANG_WARN_RANGE_LOOP_ANALYSIS = YES;
				CLANG_WARN_STRICT_PROTOTYPES = YES;
				CLANG_WARN_SUSPICIOUS_MOVE = YES;
				CLANG_WARN_UNGUARDED_AVAILABILITY = YES_AGGRESSIVE;
				CLANG_WARN_UNREACHABLE_CODE = YES;
				CLANG_WARN__DUPLICATE_METHOD_MATCH = YES;
				COPY_PHASE_STRIP = NO;
				DEBUG_INFORMATION_FORMAT = dwarf;
				ENABLE_STRICT_OBJC_MSGSEND = YES;
				ENABLE_TESTABILITY = YES;
				GCC_C_LANGUAGE_STANDARD = gnu11;
				GCC_DYNAMIC_NO_PIC = NO;
				GCC_NO_COMMON_BLOCKS = YES;
				GCC_OPTIMIZATION_LEVEL = 0;
				GCC_PREPROCESSOR_DEFINITIONS = (
					"DEBUG=1",
					"$(inherited)",
				);
				GCC_WARN_64_TO_32_BIT_CONVERSION = YES;
				GCC_WARN_ABOUT_RETURN_TYPE = YES_ERROR;
				GCC_WARN_UNDECLARED_SELECTOR = YES;
				GCC_WARN_UNINITIALIZED_AUTOS = YES_AGGRESSIVE;
				GCC_WARN_UNUSED_FUNCTION = YES;
				GCC_WARN_UNUSED_VARIABLE = YES;
				IPHONEOS_DEPLOYMENT_TARGET = 14.4;
				MTL_ENABLE_DEBUG_INFO = INCLUDE_SOURCE;
				MTL_FAST_MATH = YES;
				ONLY_ACTIVE_ARCH = YES;
				SDKROOT = iphoneos;
				SWIFT_ACTIVE_COMPILATION_CONDITIONS = DEBUG;
				SWIFT_OPTIMIZATION_LEVEL = "-O";
			};
			name = Debug;
		};
		0AEB397B261CF9CE0005BF38 /* Release */ = {
			isa = XCBuildConfiguration;
			buildSettings = {
				ALWAYS_SEARCH_USER_PATHS = NO;
				CLANG_ANALYZER_NONNULL = YES;
				CLANG_ANALYZER_NUMBER_OBJECT_CONVERSION = YES_AGGRESSIVE;
				CLANG_CXX_LANGUAGE_STANDARD = "gnu++14";
				CLANG_CXX_LIBRARY = "libc++";
				CLANG_ENABLE_MODULES = YES;
				CLANG_ENABLE_OBJC_ARC = YES;
				CLANG_ENABLE_OBJC_WEAK = YES;
				CLANG_WARN_BLOCK_CAPTURE_AUTORELEASING = YES;
				CLANG_WARN_BOOL_CONVERSION = YES;
				CLANG_WARN_COMMA = YES;
				CLANG_WARN_CONSTANT_CONVERSION = YES;
				CLANG_WARN_DEPRECATED_OBJC_IMPLEMENTATIONS = YES;
				CLANG_WARN_DIRECT_OBJC_ISA_USAGE = YES_ERROR;
				CLANG_WARN_DOCUMENTATION_COMMENTS = YES;
				CLANG_WARN_EMPTY_BODY = YES;
				CLANG_WARN_ENUM_CONVERSION = YES;
				CLANG_WARN_INFINITE_RECURSION = YES;
				CLANG_WARN_INT_CONVERSION = YES;
				CLANG_WARN_NON_LITERAL_NULL_CONVERSION = YES;
				CLANG_WARN_OBJC_IMPLICIT_RETAIN_SELF = YES;
				CLANG_WARN_OBJC_LITERAL_CONVERSION = YES;
				CLANG_WARN_OBJC_ROOT_CLASS = YES_ERROR;
				CLANG_WARN_QUOTED_INCLUDE_IN_FRAMEWORK_HEADER = YES;
				CLANG_WARN_RANGE_LOOP_ANALYSIS = YES;
				CLANG_WARN_STRICT_PROTOTYPES = YES;
				CLANG_WARN_SUSPICIOUS_MOVE = YES;
				CLANG_WARN_UNGUARDED_AVAILABILITY = YES_AGGRESSIVE;
				CLANG_WARN_UNREACHABLE_CODE = YES;
				CLANG_WARN__DUPLICATE_METHOD_MATCH = YES;
				COPY_PHASE_STRIP = NO;
				DEBUG_INFORMATION_FORMAT = "dwarf-with-dsym";
				ENABLE_NS_ASSERTIONS = NO;
				ENABLE_STRICT_OBJC_MSGSEND = YES;
				GCC_C_LANGUAGE_STANDARD = gnu11;
				GCC_NO_COMMON_BLOCKS = YES;
				GCC_WARN_64_TO_32_BIT_CONVERSION = YES;
				GCC_WARN_ABOUT_RETURN_TYPE = YES_ERROR;
				GCC_WARN_UNDECLARED_SELECTOR = YES;
				GCC_WARN_UNINITIALIZED_AUTOS = YES_AGGRESSIVE;
				GCC_WARN_UNUSED_FUNCTION = YES;
				GCC_WARN_UNUSED_VARIABLE = YES;
				IPHONEOS_DEPLOYMENT_TARGET = 14.4;
				MTL_ENABLE_DEBUG_INFO = NO;
				MTL_FAST_MATH = YES;
				SDKROOT = iphoneos;
				SWIFT_COMPILATION_MODE = wholemodule;
				SWIFT_OPTIMIZATION_LEVEL = "-O";
				VALIDATE_PRODUCT = YES;
			};
			name = Release;
		};
		0AEB397D261CF9CE0005BF38 /* Debug */ = {
			isa = XCBuildConfiguration;
			baseConfigurationReference = 020C1C29CE22B69CA228A2EF /* Pods-ti-broish.debug.xcconfig */;
			buildSettings = {
				ASSETCATALOG_COMPILER_APPICON_NAME = AppIcon;
				ASSETCATALOG_COMPILER_GLOBAL_ACCENT_COLOR_NAME = AccentColor;
				CODE_SIGN_STYLE = Automatic;
				DEVELOPMENT_TEAM = "";
				INFOPLIST_FILE = "ti-broish/Info.plist";
				IPHONEOS_DEPLOYMENT_TARGET = 13.0;
				LD_RUNPATH_SEARCH_PATHS = (
					"$(inherited)",
					"@executable_path/Frameworks",
				);
				OTHER_SWIFT_FLAGS = "$(inherited) -D COCOAPODS -DInDebug";
				PRODUCT_BUNDLE_IDENTIFIER = com.dsi.tibroish;
				PRODUCT_NAME = "$(TARGET_NAME)";
				SWIFT_OPTIMIZATION_LEVEL = "-O";
				SWIFT_VERSION = 5.0;
				TARGETED_DEVICE_FAMILY = "1,2";
			};
			name = Debug;
		};
		0AEB397E261CF9CE0005BF38 /* Release */ = {
			isa = XCBuildConfiguration;
			baseConfigurationReference = 62F232B0EEE1D3C055C445B0 /* Pods-ti-broish.release.xcconfig */;
			buildSettings = {
				ASSETCATALOG_COMPILER_APPICON_NAME = AppIcon;
				ASSETCATALOG_COMPILER_GLOBAL_ACCENT_COLOR_NAME = AccentColor;
				CODE_SIGN_STYLE = Automatic;
				DEVELOPMENT_TEAM = "";
				INFOPLIST_FILE = "ti-broish/Info.plist";
				IPHONEOS_DEPLOYMENT_TARGET = 13.0;
				LD_RUNPATH_SEARCH_PATHS = (
					"$(inherited)",
					"@executable_path/Frameworks",
				);
				OTHER_SWIFT_FLAGS = "$(inherited) -D COCOAPODS -DInDebug";
				PRODUCT_BUNDLE_IDENTIFIER = com.dsi.tibroish;
				PRODUCT_NAME = "$(TARGET_NAME)";
				SWIFT_OPTIMIZATION_LEVEL = "-O";
				SWIFT_VERSION = 5.0;
				TARGETED_DEVICE_FAMILY = "1,2";
			};
			name = Release;
		};
		0AEB3980261CF9CE0005BF38 /* Debug */ = {
			isa = XCBuildConfiguration;
			baseConfigurationReference = 7AB94ADBE1D2283DBDF8E6A7 /* Pods-ti-broishTests.debug.xcconfig */;
			buildSettings = {
				ALWAYS_EMBED_SWIFT_STANDARD_LIBRARIES = NO;
				BUNDLE_LOADER = "$(TEST_HOST)";
				CLANG_ENABLE_MODULES = YES;
				CODE_SIGN_STYLE = Automatic;
				DEVELOPMENT_TEAM = 2T55BC3A9S;
				INFOPLIST_FILE = "ti-broishTests/Info.plist";
				IPHONEOS_DEPLOYMENT_TARGET = 14.4;
				LD_RUNPATH_SEARCH_PATHS = (
					"$(inherited)",
					"@executable_path/Frameworks",
					"@loader_path/Frameworks",
				);
				PRODUCT_BUNDLE_IDENTIFIER = "com.dsi.ti-broishTests";
				PRODUCT_NAME = "$(TARGET_NAME)";
				SWIFT_OPTIMIZATION_LEVEL = "-Onone";
				SWIFT_VERSION = 5.0;
				TARGETED_DEVICE_FAMILY = "1,2";
				TEST_HOST = "$(BUILT_PRODUCTS_DIR)/ti-broish.app/ti-broish";
			};
			name = Debug;
		};
		0AEB3981261CF9CE0005BF38 /* Release */ = {
			isa = XCBuildConfiguration;
			baseConfigurationReference = 72DD2A9AE668ED3D132966EC /* Pods-ti-broishTests.release.xcconfig */;
			buildSettings = {
				ALWAYS_EMBED_SWIFT_STANDARD_LIBRARIES = NO;
				BUNDLE_LOADER = "$(TEST_HOST)";
				CLANG_ENABLE_MODULES = YES;
				CODE_SIGN_STYLE = Automatic;
				DEVELOPMENT_TEAM = 2T55BC3A9S;
				INFOPLIST_FILE = "ti-broishTests/Info.plist";
				IPHONEOS_DEPLOYMENT_TARGET = 14.4;
				LD_RUNPATH_SEARCH_PATHS = (
					"$(inherited)",
					"@executable_path/Frameworks",
					"@loader_path/Frameworks",
				);
				PRODUCT_BUNDLE_IDENTIFIER = "com.dsi.ti-broishTests";
				PRODUCT_NAME = "$(TARGET_NAME)";
				SWIFT_VERSION = 5.0;
				TARGETED_DEVICE_FAMILY = "1,2";
				TEST_HOST = "$(BUILT_PRODUCTS_DIR)/ti-broish.app/ti-broish";
			};
			name = Release;
		};
		0AEB3983261CF9CE0005BF38 /* Debug */ = {
			isa = XCBuildConfiguration;
			buildSettings = {
				ALWAYS_EMBED_SWIFT_STANDARD_LIBRARIES = YES;
				CODE_SIGN_STYLE = Automatic;
				DEVELOPMENT_TEAM = 2T55BC3A9S;
				INFOPLIST_FILE = "ti-broishUITests/Info.plist";
				LD_RUNPATH_SEARCH_PATHS = (
					"$(inherited)",
					"@executable_path/Frameworks",
					"@loader_path/Frameworks",
				);
				PRODUCT_BUNDLE_IDENTIFIER = "com.dsi.ti-broishUITests";
				PRODUCT_NAME = "$(TARGET_NAME)";
				SWIFT_VERSION = 5.0;
				TARGETED_DEVICE_FAMILY = "1,2";
				TEST_TARGET_NAME = "ti-broish";
			};
			name = Debug;
		};
		0AEB3984261CF9CE0005BF38 /* Release */ = {
			isa = XCBuildConfiguration;
			buildSettings = {
				ALWAYS_EMBED_SWIFT_STANDARD_LIBRARIES = YES;
				CODE_SIGN_STYLE = Automatic;
				DEVELOPMENT_TEAM = 2T55BC3A9S;
				INFOPLIST_FILE = "ti-broishUITests/Info.plist";
				LD_RUNPATH_SEARCH_PATHS = (
					"$(inherited)",
					"@executable_path/Frameworks",
					"@loader_path/Frameworks",
				);
				PRODUCT_BUNDLE_IDENTIFIER = "com.dsi.ti-broishUITests";
				PRODUCT_NAME = "$(TARGET_NAME)";
				SWIFT_VERSION = 5.0;
				TARGETED_DEVICE_FAMILY = "1,2";
				TEST_TARGET_NAME = "ti-broish";
			};
			name = Release;
		};
/* End XCBuildConfiguration section */

/* Begin XCConfigurationList section */
		0AEB394D261CF9CD0005BF38 /* Build configuration list for PBXProject "ti-broish" */ = {
			isa = XCConfigurationList;
			buildConfigurations = (
				0AEB397A261CF9CE0005BF38 /* Debug */,
				0AEB397B261CF9CE0005BF38 /* Release */,
			);
			defaultConfigurationIsVisible = 0;
			defaultConfigurationName = Release;
		};
		0AEB397C261CF9CE0005BF38 /* Build configuration list for PBXNativeTarget "ti-broish" */ = {
			isa = XCConfigurationList;
			buildConfigurations = (
				0AEB397D261CF9CE0005BF38 /* Debug */,
				0AEB397E261CF9CE0005BF38 /* Release */,
			);
			defaultConfigurationIsVisible = 0;
			defaultConfigurationName = Release;
		};
		0AEB397F261CF9CE0005BF38 /* Build configuration list for PBXNativeTarget "ti-broishTests" */ = {
			isa = XCConfigurationList;
			buildConfigurations = (
				0AEB3980261CF9CE0005BF38 /* Debug */,
				0AEB3981261CF9CE0005BF38 /* Release */,
			);
			defaultConfigurationIsVisible = 0;
			defaultConfigurationName = Release;
		};
		0AEB3982261CF9CE0005BF38 /* Build configuration list for PBXNativeTarget "ti-broishUITests" */ = {
			isa = XCConfigurationList;
			buildConfigurations = (
				0AEB3983261CF9CE0005BF38 /* Debug */,
				0AEB3984261CF9CE0005BF38 /* Release */,
			);
			defaultConfigurationIsVisible = 0;
			defaultConfigurationName = Release;
		};
/* End XCConfigurationList section */
	};
	rootObject = 0AEB394A261CF9CD0005BF38 /* Project object */;
}
